{
  "pins" : [
    {
      "identity" : "onesignal-ios-sdk",
      "kind" : "remoteSourceControl",
      "location" : "https://github.com/OneSignal/OneSignal-iOS-SDK",
      "state" : {
        "revision" : "8e4e32f69d4cc8b3543040473aeebdc08ebfa7bf",
        "version" : "3.11.1"
      }
    },
    {
      "identity" : "plausibleswift",
      "kind" : "remoteSourceControl",
      "location" : "https://github.com/nickoneill/PlausibleSwift",
      "state" : {
        "revision" : "522268b34b7f9ec4ebbe23a0209e74f6fbdc203e",
        "version" : "0.3.0"
      }
    },
    {
      "identity" : "r.swift",
      "kind" : "remoteSourceControl",
      "location" : "https://github.com/mac-cain13/R.swift/",
      "state" : {
        "revision" : "a76220f2c4b73bdda670f4a318c6ec983399ac6d",
        "version" : "7.4.0"
      }
    },
    {
      "identity" : "swift-argument-parser",
      "kind" : "remoteSourceControl",
      "location" : "https://github.com/apple/swift-argument-parser",
      "state" : {
        "revision" : "8f4d2753f0e4778c76d5f05ad16c74f707390531",
        "version" : "1.2.3"
      }
    },
    {
      "identity" : "xcodeedit",
      "kind" : "remoteSourceControl",
      "location" : "https://github.com/tomlokhorst/XcodeEdit",
      "state" : {
        "revision" : "b6b67389a0f1a6fdd9c6457a8ab5b02eaab13c5c",
        "version" : "2.9.2"
      }
    }
  ],
  "version" : 2
}
