PODS:
  - AppCenter (2.0.1):
    - AppCenter/Analytics (= 2.0.1)
    - AppCenter/Crashes (= 2.0.1)
  - AppCenter/Analytics (2.0.1):
    - AppCenter/Core
  - AppCenter/Core (2.0.1)
  - AppCenter/Crashes (2.0.1):
    - AppCenter/Core
  - Auth0 (1.19.3):
    - SimpleKeychain
  - CPDAcknowledgements (1.0.0)
  - DZNEmptyDataSet (1.8.1)
  - Kingfisher (4.9.0)
  - OneSignal (2.6.0)
  - R.swift (5.0.3):
    - R.swift.Library (~> 5.0.0)
  - R.swift.Library (5.0.1)
  - SimpleKeychain (0.9.0)

DEPENDENCIES:
  - AppCenter
  - Auth0 (~> 1.19)
  - CPDAcknowledgements (from `https://github.com/CocoaPods/CPDAcknowledgements.git`)
  - DZNEmptyDataSet (from `https://github.com/subdigital/DZNEmptyDataSet`)
  - Kingfisher (~> 4.0)
  - OneSignal (~> 2.5)
  - R.swift (~> 5.0)

SPEC REPOS:
  https://github.com/CocoaPods/Specs.git:
    - AppCenter
    - Kingfisher
    - OneSignal
    - R.swift
    - R.swift.Library
  trunk:
    - Auth0
    - SimpleKeychain

EXTERNAL SOURCES:
  CPDAcknowledgements:
    :git: https://github.com/CocoaPods/CPDAcknowledgements.git
  DZNEmptyDataSet:
    :git: https://github.com/subdigital/DZNEmptyDataSet

CHECKOUT OPTIONS:
  CPDAcknowledgements:
    :commit: 2f289a19c3ec41f835a9629fdbea4a89033f61a1
    :git: https://github.com/CocoaPods/CPDAcknowledgements.git
  DZNEmptyDataSet:
    :commit: d09b7c440cd2a13710fef74dc21bdb5f980fa109
    :git: https://github.com/subdigital/DZNEmptyDataSet

SPEC CHECKSUMS:
  AppCenter: 6a5ff2fd007b53431259fdd74f91eb3d0dfea3d1
  Auth0: 195ea089de471c72bf95eb5320ff86c224debf3c
  CPDAcknowledgements: 6e15e71849ba4ad5e8a17a0bb9d20938ad23bac8
  DZNEmptyDataSet: b94434220f87d9dda46660eb4f07a424778e93b4
  Kingfisher: 64539b51826b778206daa6ed815d12653caa69dd
  OneSignal: 4786d2ed24ea315ceff66d83cbd418af0cc94311
  R.swift: f5a87643b91ea569d23d6afb3eee9c743edde239
  R.swift.Library: cfe85d569d9bae6cb262922db130e7c3a7a5fad1
  SimpleKeychain: 3be49072fd2d82de8fa83d847ef1e548622f8fc5

PODFILE CHECKSUM: 4dfe43258c674979a846b49e18bf1f28f32ef7ff

COCOAPODS: 1.8.4
