// !$*UTF8*$!
{
	archiveVersion = 1;
	classes = {
	};
	objectVersion = 46;
	objects = {

/* Begin PBXBuildFile section */
		2732D7C71E4300F300F149EF /* NotificationNames.swift in Sources */ = {isa = PBXBuildFile; fileRef = 2732D7C61E4300F300F149EF /* NotificationNames.swift */; };
		9C18DA5D1E457F3D0024B991 /* CallScriptViewController.swift in Sources */ = {isa = PBXBuildFile; fileRef = 9C18DA5C1E457F3D0024B991 /* CallScriptViewController.swift */; };
		9C18DA5F1E458E480024B991 /* ContactDetailCell.swift in Sources */ = {isa = PBXBuildFile; fileRef = 9C18DA5E1E458E480024B991 /* ContactDetailCell.swift */; };
		9C18DA611E461C920024B991 /* PaddedLabel.swift in Sources */ = {isa = PBXBuildFile; fileRef = 9C18DA601E461C920024B991 /* PaddedLabel.swift */; };
		B52805151E3FA94D00EE832A /* AppDelegate.swift in Sources */ = {isa = PBXBuildFile; fileRef = B52805141E3FA94D00EE832A /* AppDelegate.swift */; };
		B52805171E3FA94D00EE832A /* WelcomeViewController.swift in Sources */ = {isa = PBXBuildFile; fileRef = B52805161E3FA94D00EE832A /* WelcomeViewController.swift */; };
		B528051A1E3FA94D00EE832A /* Welcome.storyboard in Resources */ = {isa = PBXBuildFile; fileRef = B52805181E3FA94D00EE832A /* Welcome.storyboard */; };
		B528051C1E3FA94D00EE832A /* Assets.xcassets in Resources */ = {isa = PBXBuildFile; fileRef = B528051B1E3FA94D00EE832A /* Assets.xcassets */; };
		B528051F1E3FA94D00EE832A /* LaunchScreen.storyboard in Resources */ = {isa = PBXBuildFile; fileRef = B528051D1E3FA94D00EE832A /* LaunchScreen.storyboard */; };
		B591EB851E44D946006C7D28 /* ContactCell.swift in Sources */ = {isa = PBXBuildFile; fileRef = B591EB841E44D946006C7D28 /* ContactCell.swift */; };
		B5CA63F61E41772D00966B7D /* IssueCell.swift in Sources */ = {isa = PBXBuildFile; fileRef = B5CA63F51E41772D00966B7D /* IssueCell.swift */; };
		B5CA63F81E41779300966B7D /* CheckboxView.swift in Sources */ = {isa = PBXBuildFile; fileRef = B5CA63F71E41779300966B7D /* CheckboxView.swift */; };
		B5CA63FB1E422D0700966B7D /* IssuesContainerViewController.swift in Sources */ = {isa = PBXBuildFile; fileRef = B5CA63FA1E422D0700966B7D /* IssuesContainerViewController.swift */; };
		B5D5C9581E4391E200C80D5F /* IssueDetailViewController.swift in Sources */ = {isa = PBXBuildFile; fileRef = B5D5C9571E4391E200C80D5F /* IssueDetailViewController.swift */; };
		B5D5C95A1E441FEC00C80D5F /* IssuesManager.swift in Sources */ = {isa = PBXBuildFile; fileRef = B5D5C9591E441FEC00C80D5F /* IssuesManager.swift */; };
		B5D5C95C1E44317700C80D5F /* IssueDetailCell.swift in Sources */ = {isa = PBXBuildFile; fileRef = B5D5C95B1E44317700C80D5F /* IssueDetailCell.swift */; };
		B5D5C95E1E44357100C80D5F /* CustomNavigationController.swift in Sources */ = {isa = PBXBuildFile; fileRef = B5D5C95D1E44357100C80D5F /* CustomNavigationController.swift */; };
		B5E762591E40374600D63D62 /* FetchStatsOperation.swift in Sources */ = {isa = PBXBuildFile; fileRef = B5E762581E40374600D63D62 /* FetchStatsOperation.swift */; };
		B5E7625B1E4037B400D63D62 /* BaseOperation.swift in Sources */ = {isa = PBXBuildFile; fileRef = B5E7625A1E4037B400D63D62 /* BaseOperation.swift */; };
		B5E7625D1E403B8600D63D62 /* StatsViewModel.swift in Sources */ = {isa = PBXBuildFile; fileRef = B5E7625C1E403B8600D63D62 /* StatsViewModel.swift */; };
		B5E7625F1E403C4700D63D62 /* StatsPageViewController.swift in Sources */ = {isa = PBXBuildFile; fileRef = B5E7625E1E403C4700D63D62 /* StatsPageViewController.swift */; };
		B5E762611E40470100D63D62 /* IssuesViewController.swift in Sources */ = {isa = PBXBuildFile; fileRef = B5E762601E40470100D63D62 /* IssuesViewController.swift */; };
		B5E762631E40470A00D63D62 /* Main.storyboard in Resources */ = {isa = PBXBuildFile; fileRef = B5E762621E40470A00D63D62 /* Main.storyboard */; };
		B5E762651E40480300D63D62 /* UserDefaultsKeys.swift in Sources */ = {isa = PBXBuildFile; fileRef = B5E762641E40480300D63D62 /* UserDefaultsKeys.swift */; };
		B5E762671E40CBB600D63D62 /* EditLocationViewController.swift in Sources */ = {isa = PBXBuildFile; fileRef = B5E762661E40CBB600D63D62 /* EditLocationViewController.swift */; };
		B5E762691E40D63800D63D62 /* Issue.swift in Sources */ = {isa = PBXBuildFile; fileRef = B5E762681E40D63800D63D62 /* Issue.swift */; };
		B5E7626B1E40D6DD00D63D62 /* Contact.swift in Sources */ = {isa = PBXBuildFile; fileRef = B5E7626A1E40D6DD00D63D62 /* Contact.swift */; };
		B5E762711E40D8DD00D63D62 /* JSONSerializable.swift in Sources */ = {isa = PBXBuildFile; fileRef = B5E762701E40D8DD00D63D62 /* JSONSerializable.swift */; };
		B5E762731E40DC5800D63D62 /* FetchIssuesOperation.swift in Sources */ = {isa = PBXBuildFile; fileRef = B5E762721E40DC5800D63D62 /* FetchIssuesOperation.swift */; };
		B5E762751E40E39000D63D62 /* IssuesList.swift in Sources */ = {isa = PBXBuildFile; fileRef = B5E762741E40E39000D63D62 /* IssuesList.swift */; };
		B5E806FF1E463FE300EBE553 /* UserLocation.swift in Sources */ = {isa = PBXBuildFile; fileRef = B5E806FE1E463FE300EBE553 /* UserLocation.swift */; };
		B5E807041E46796A00EBE553 /* RemoteImageView.swift in Sources */ = {isa = PBXBuildFile; fileRef = B5E807031E46796A00EBE553 /* RemoteImageView.swift */; };
		F57BD8B61E438E4200BD554C /* RobotoCondensed-Bold.ttf in Resources */ = {isa = PBXBuildFile; fileRef = F57BD8B31E438E4200BD554C /* RobotoCondensed-Bold.ttf */; };
		F57BD8B71E438E4200BD554C /* RobotoCondensed-Italic.ttf in Resources */ = {isa = PBXBuildFile; fileRef = F57BD8B41E438E4200BD554C /* RobotoCondensed-Italic.ttf */; };
		F57BD8B81E438E4200BD554C /* RobotoCondensed-Regular.ttf in Resources */ = {isa = PBXBuildFile; fileRef = F57BD8B51E438E4200BD554C /* RobotoCondensed-Regular.ttf */; };
		F57BD8BA1E438E7600BD554C /* AppearanceProxies.swift in Sources */ = {isa = PBXBuildFile; fileRef = F57BD8B91E438E7600BD554C /* AppearanceProxies.swift */; };
/* End PBXBuildFile section */

/* Begin PBXFileReference section */
		2732D7C61E4300F300F149EF /* NotificationNames.swift */ = {isa = PBXFileReference; fileEncoding = 4; lastKnownFileType = sourcecode.swift; path = NotificationNames.swift; sourceTree = "<group>"; };
		9C18DA5C1E457F3D0024B991 /* CallScriptViewController.swift */ = {isa = PBXFileReference; fileEncoding = 4; lastKnownFileType = sourcecode.swift; path = CallScriptViewController.swift; sourceTree = "<group>"; };
		9C18DA5E1E458E480024B991 /* ContactDetailCell.swift */ = {isa = PBXFileReference; fileEncoding = 4; lastKnownFileType = sourcecode.swift; path = ContactDetailCell.swift; sourceTree = "<group>"; };
		9C18DA601E461C920024B991 /* PaddedLabel.swift */ = {isa = PBXFileReference; fileEncoding = 4; lastKnownFileType = sourcecode.swift; path = PaddedLabel.swift; sourceTree = "<group>"; };
		B52805111E3FA94D00EE832A /* FiveCalls.app */ = {isa = PBXFileReference; explicitFileType = wrapper.application; includeInIndex = 0; path = FiveCalls.app; sourceTree = BUILT_PRODUCTS_DIR; };
		B52805141E3FA94D00EE832A /* AppDelegate.swift */ = {isa = PBXFileReference; lastKnownFileType = sourcecode.swift; path = AppDelegate.swift; sourceTree = "<group>"; };
		B52805161E3FA94D00EE832A /* WelcomeViewController.swift */ = {isa = PBXFileReference; lastKnownFileType = sourcecode.swift; path = WelcomeViewController.swift; sourceTree = "<group>"; };
		B52805191E3FA94D00EE832A /* Base */ = {isa = PBXFileReference; lastKnownFileType = file.storyboard; name = Base; path = Base.lproj/Welcome.storyboard; sourceTree = "<group>"; };
		B528051B1E3FA94D00EE832A /* Assets.xcassets */ = {isa = PBXFileReference; lastKnownFileType = folder.assetcatalog; path = Assets.xcassets; sourceTree = "<group>"; };
		B528051E1E3FA94D00EE832A /* Base */ = {isa = PBXFileReference; lastKnownFileType = file.storyboard; name = Base; path = Base.lproj/LaunchScreen.storyboard; sourceTree = "<group>"; };
		B52805201E3FA94D00EE832A /* Info.plist */ = {isa = PBXFileReference; lastKnownFileType = text.plist.xml; path = Info.plist; sourceTree = "<group>"; };
		B591EB841E44D946006C7D28 /* ContactCell.swift */ = {isa = PBXFileReference; fileEncoding = 4; lastKnownFileType = sourcecode.swift; path = ContactCell.swift; sourceTree = "<group>"; };
		B5CA63F51E41772D00966B7D /* IssueCell.swift */ = {isa = PBXFileReference; fileEncoding = 4; lastKnownFileType = sourcecode.swift; path = IssueCell.swift; sourceTree = "<group>"; };
		B5CA63F71E41779300966B7D /* CheckboxView.swift */ = {isa = PBXFileReference; fileEncoding = 4; lastKnownFileType = sourcecode.swift; path = CheckboxView.swift; sourceTree = "<group>"; };
		B5CA63FA1E422D0700966B7D /* IssuesContainerViewController.swift */ = {isa = PBXFileReference; fileEncoding = 4; lastKnownFileType = sourcecode.swift; path = IssuesContainerViewController.swift; sourceTree = "<group>"; };
		B5D5C9571E4391E200C80D5F /* IssueDetailViewController.swift */ = {isa = PBXFileReference; fileEncoding = 4; lastKnownFileType = sourcecode.swift; path = IssueDetailViewController.swift; sourceTree = "<group>"; };
		B5D5C9591E441FEC00C80D5F /* IssuesManager.swift */ = {isa = PBXFileReference; fileEncoding = 4; lastKnownFileType = sourcecode.swift; path = IssuesManager.swift; sourceTree = "<group>"; };
		B5D5C95B1E44317700C80D5F /* IssueDetailCell.swift */ = {isa = PBXFileReference; fileEncoding = 4; lastKnownFileType = sourcecode.swift; path = IssueDetailCell.swift; sourceTree = "<group>"; };
		B5D5C95D1E44357100C80D5F /* CustomNavigationController.swift */ = {isa = PBXFileReference; fileEncoding = 4; lastKnownFileType = sourcecode.swift; path = CustomNavigationController.swift; sourceTree = "<group>"; };
		B5E762581E40374600D63D62 /* FetchStatsOperation.swift */ = {isa = PBXFileReference; fileEncoding = 4; lastKnownFileType = sourcecode.swift; path = FetchStatsOperation.swift; sourceTree = "<group>"; };
		B5E7625A1E4037B400D63D62 /* BaseOperation.swift */ = {isa = PBXFileReference; fileEncoding = 4; lastKnownFileType = sourcecode.swift; path = BaseOperation.swift; sourceTree = "<group>"; };
		B5E7625C1E403B8600D63D62 /* StatsViewModel.swift */ = {isa = PBXFileReference; fileEncoding = 4; lastKnownFileType = sourcecode.swift; path = StatsViewModel.swift; sourceTree = "<group>"; };
		B5E7625E1E403C4700D63D62 /* StatsPageViewController.swift */ = {isa = PBXFileReference; fileEncoding = 4; lastKnownFileType = sourcecode.swift; path = StatsPageViewController.swift; sourceTree = "<group>"; };
		B5E762601E40470100D63D62 /* IssuesViewController.swift */ = {isa = PBXFileReference; fileEncoding = 4; lastKnownFileType = sourcecode.swift; path = IssuesViewController.swift; sourceTree = "<group>"; };
		B5E762621E40470A00D63D62 /* Main.storyboard */ = {isa = PBXFileReference; fileEncoding = 4; lastKnownFileType = file.storyboard; path = Main.storyboard; sourceTree = "<group>"; };
		B5E762641E40480300D63D62 /* UserDefaultsKeys.swift */ = {isa = PBXFileReference; fileEncoding = 4; lastKnownFileType = sourcecode.swift; path = UserDefaultsKeys.swift; sourceTree = "<group>"; };
		B5E762661E40CBB600D63D62 /* EditLocationViewController.swift */ = {isa = PBXFileReference; fileEncoding = 4; lastKnownFileType = sourcecode.swift; path = EditLocationViewController.swift; sourceTree = "<group>"; };
		B5E762681E40D63800D63D62 /* Issue.swift */ = {isa = PBXFileReference; fileEncoding = 4; lastKnownFileType = sourcecode.swift; path = Issue.swift; sourceTree = "<group>"; };
		B5E7626A1E40D6DD00D63D62 /* Contact.swift */ = {isa = PBXFileReference; fileEncoding = 4; lastKnownFileType = sourcecode.swift; path = Contact.swift; sourceTree = "<group>"; };
		B5E762701E40D8DD00D63D62 /* JSONSerializable.swift */ = {isa = PBXFileReference; fileEncoding = 4; lastKnownFileType = sourcecode.swift; path = JSONSerializable.swift; sourceTree = "<group>"; };
		B5E762721E40DC5800D63D62 /* FetchIssuesOperation.swift */ = {isa = PBXFileReference; fileEncoding = 4; lastKnownFileType = sourcecode.swift; path = FetchIssuesOperation.swift; sourceTree = "<group>"; };
		B5E762741E40E39000D63D62 /* IssuesList.swift */ = {isa = PBXFileReference; fileEncoding = 4; lastKnownFileType = sourcecode.swift; path = IssuesList.swift; sourceTree = "<group>"; };
		B5E806FE1E463FE300EBE553 /* UserLocation.swift */ = {isa = PBXFileReference; fileEncoding = 4; lastKnownFileType = sourcecode.swift; path = UserLocation.swift; sourceTree = "<group>"; };
		B5E807031E46796A00EBE553 /* RemoteImageView.swift */ = {isa = PBXFileReference; fileEncoding = 4; lastKnownFileType = sourcecode.swift; path = RemoteImageView.swift; sourceTree = "<group>"; };
		F57BD8B31E438E4200BD554C /* RobotoCondensed-Bold.ttf */ = {isa = PBXFileReference; lastKnownFileType = file; path = "RobotoCondensed-Bold.ttf"; sourceTree = "<group>"; };
		F57BD8B41E438E4200BD554C /* RobotoCondensed-Italic.ttf */ = {isa = PBXFileReference; lastKnownFileType = file; path = "RobotoCondensed-Italic.ttf"; sourceTree = "<group>"; };
		F57BD8B51E438E4200BD554C /* RobotoCondensed-Regular.ttf */ = {isa = PBXFileReference; lastKnownFileType = file; path = "RobotoCondensed-Regular.ttf"; sourceTree = "<group>"; };
		F57BD8B91E438E7600BD554C /* AppearanceProxies.swift */ = {isa = PBXFileReference; fileEncoding = 4; lastKnownFileType = sourcecode.swift; path = AppearanceProxies.swift; sourceTree = "<group>"; };
/* End PBXFileReference section */

/* Begin PBXFrameworksBuildPhase section */
		B528050E1E3FA94D00EE832A /* Frameworks */ = {
			isa = PBXFrameworksBuildPhase;
			buildActionMask = 2147483647;
			files = (
			);
			runOnlyForDeploymentPostprocessing = 0;
		};
/* End PBXFrameworksBuildPhase section */

/* Begin PBXGroup section */
		B52805081E3FA94D00EE832A = {
			isa = PBXGroup;
			children = (
				B52805131E3FA94D00EE832A /* FiveCalls */,
				B52805121E3FA94D00EE832A /* Products */,
			);
			sourceTree = "<group>";
		};
		B52805121E3FA94D00EE832A /* Products */ = {
			isa = PBXGroup;
			children = (
				B52805111E3FA94D00EE832A /* FiveCalls.app */,
			);
			name = Products;
			sourceTree = "<group>";
		};
		B52805131E3FA94D00EE832A /* FiveCalls */ = {
			isa = PBXGroup;
			children = (
				F57BD8B21E438E4200BD554C /* Fonts */,
				B5CA63F41E41772100966B7D /* Views */,
				B5E7626F1E40D74900D63D62 /* Operations */,
				B5E7626E1E40D73600D63D62 /* View Controllers */,
				B5E7626D1E40D72D00D63D62 /* View Models */,
				B5E7626C1E40D72400D63D62 /* Models */,
				B52805141E3FA94D00EE832A /* AppDelegate.swift */,
				F57BD8B91E438E7600BD554C /* AppearanceProxies.swift */,
				B5E762641E40480300D63D62 /* UserDefaultsKeys.swift */,
				2732D7C61E4300F300F149EF /* NotificationNames.swift */,
				B528051B1E3FA94D00EE832A /* Assets.xcassets */,
				B528051D1E3FA94D00EE832A /* LaunchScreen.storyboard */,
				B52805181E3FA94D00EE832A /* Welcome.storyboard */,
				B5E762621E40470A00D63D62 /* Main.storyboard */,
				B52805201E3FA94D00EE832A /* Info.plist */,
			);
			path = FiveCalls;
			sourceTree = "<group>";
		};
		B5CA63F41E41772100966B7D /* Views */ = {
			isa = PBXGroup;
			children = (
				B5CA63F51E41772D00966B7D /* IssueCell.swift */,
				B591EB841E44D946006C7D28 /* ContactCell.swift */,
				9C18DA5E1E458E480024B991 /* ContactDetailCell.swift */,
				B5D5C95B1E44317700C80D5F /* IssueDetailCell.swift */,
				B5CA63F71E41779300966B7D /* CheckboxView.swift */,
				9C18DA601E461C920024B991 /* PaddedLabel.swift */,
				B5E807031E46796A00EBE553 /* RemoteImageView.swift */,
			);
			name = Views;
			sourceTree = "<group>";
		};
		B5E7626C1E40D72400D63D62 /* Models */ = {
			isa = PBXGroup;
			children = (
				B5E762701E40D8DD00D63D62 /* JSONSerializable.swift */,
				B5E762681E40D63800D63D62 /* Issue.swift */,
				B5E7626A1E40D6DD00D63D62 /* Contact.swift */,
				B5E762741E40E39000D63D62 /* IssuesList.swift */,
				B5D5C9591E441FEC00C80D5F /* IssuesManager.swift */,
				B5E806FE1E463FE300EBE553 /* UserLocation.swift */,
			);
			name = Models;
			sourceTree = "<group>";
		};
		B5E7626D1E40D72D00D63D62 /* View Models */ = {
			isa = PBXGroup;
			children = (
				B5E7625C1E403B8600D63D62 /* StatsViewModel.swift */,
			);
			name = "View Models";
			sourceTree = "<group>";
		};
		B5E7626E1E40D73600D63D62 /* View Controllers */ = {
			isa = PBXGroup;
			children = (
				B5D5C95D1E44357100C80D5F /* CustomNavigationController.swift */,
				B5E762661E40CBB600D63D62 /* EditLocationViewController.swift */,
				B52805161E3FA94D00EE832A /* WelcomeViewController.swift */,
				B5E7625E1E403C4700D63D62 /* StatsPageViewController.swift */,
				B5CA63FA1E422D0700966B7D /* IssuesContainerViewController.swift */,
				B5E762601E40470100D63D62 /* IssuesViewController.swift */,
				B5D5C9571E4391E200C80D5F /* IssueDetailViewController.swift */,
				9C18DA5C1E457F3D0024B991 /* CallScriptViewController.swift */,
			);
			name = "View Controllers";
			sourceTree = "<group>";
		};
		B5E7626F1E40D74900D63D62 /* Operations */ = {
			isa = PBXGroup;
			children = (
				B5E7625A1E4037B400D63D62 /* BaseOperation.swift */,
				B5E762581E40374600D63D62 /* FetchStatsOperation.swift */,
				B5E762721E40DC5800D63D62 /* FetchIssuesOperation.swift */,
			);
			name = Operations;
			sourceTree = "<group>";
		};
		F57BD8B21E438E4200BD554C /* Fonts */ = {
			isa = PBXGroup;
			children = (
				F57BD8B31E438E4200BD554C /* RobotoCondensed-Bold.ttf */,
				F57BD8B41E438E4200BD554C /* RobotoCondensed-Italic.ttf */,
				F57BD8B51E438E4200BD554C /* RobotoCondensed-Regular.ttf */,
			);
			path = Fonts;
			sourceTree = "<group>";
		};
/* End PBXGroup section */

/* Begin PBXNativeTarget section */
		B52805101E3FA94D00EE832A /* FiveCalls */ = {
			isa = PBXNativeTarget;
			buildConfigurationList = B52805231E3FA94D00EE832A /* Build configuration list for PBXNativeTarget "FiveCalls" */;
			buildPhases = (
				B528050D1E3FA94D00EE832A /* Sources */,
				B528050E1E3FA94D00EE832A /* Frameworks */,
				B528050F1E3FA94D00EE832A /* Resources */,
				B5CA63F91E418B8E00966B7D /* Reveal */,
			);
			buildRules = (
			);
			dependencies = (
			);
			name = FiveCalls;
			productName = FiveCalls;
			productReference = B52805111E3FA94D00EE832A /* FiveCalls.app */;
			productType = "com.apple.product-type.application";
		};
/* End PBXNativeTarget section */

/* Begin PBXProject section */
		B52805091E3FA94D00EE832A /* Project object */ = {
			isa = PBXProject;
			attributes = {
				LastSwiftUpdateCheck = 0820;
				LastUpgradeCheck = 0820;
				ORGANIZATIONNAME = 5calls;
				TargetAttributes = {
					B52805101E3FA94D00EE832A = {
						CreatedOnToolsVersion = 8.2.1;
						DevelopmentTeam = C2K3864N2N;
						ProvisioningStyle = Automatic;
					};
				};
			};
			buildConfigurationList = B528050C1E3FA94D00EE832A /* Build configuration list for PBXProject "FiveCalls" */;
			compatibilityVersion = "Xcode 3.2";
			developmentRegion = English;
			hasScannedForEncodings = 0;
			knownRegions = (
				en,
				Base,
			);
			mainGroup = B52805081E3FA94D00EE832A;
			productRefGroup = B52805121E3FA94D00EE832A /* Products */;
			projectDirPath = "";
			projectRoot = "";
			targets = (
				B52805101E3FA94D00EE832A /* FiveCalls */,
			);
		};
/* End PBXProject section */

/* Begin PBXResourcesBuildPhase section */
		B528050F1E3FA94D00EE832A /* Resources */ = {
			isa = PBXResourcesBuildPhase;
			buildActionMask = 2147483647;
			files = (
				B528051F1E3FA94D00EE832A /* LaunchScreen.storyboard in Resources */,
				F57BD8B61E438E4200BD554C /* RobotoCondensed-Bold.ttf in Resources */,
				B528051C1E3FA94D00EE832A /* Assets.xcassets in Resources */,
				F57BD8B71E438E4200BD554C /* RobotoCondensed-Italic.ttf in Resources */,
				B528051A1E3FA94D00EE832A /* Welcome.storyboard in Resources */,
				F57BD8B81E438E4200BD554C /* RobotoCondensed-Regular.ttf in Resources */,
				B5E762631E40470A00D63D62 /* Main.storyboard in Resources */,
			);
			runOnlyForDeploymentPostprocessing = 0;
		};
/* End PBXResourcesBuildPhase section */

/* Begin PBXShellScriptBuildPhase section */
		B5CA63F91E418B8E00966B7D /* Reveal */ = {
			isa = PBXShellScriptBuildPhase;
			buildActionMask = 2147483647;
			files = (
			);
			inputPaths = (
			);
			name = Reveal;
			outputPaths = (
			);
			runOnlyForDeploymentPostprocessing = 0;
			shellPath = /bin/sh;
			shellScript = "REVEAL_APP_PATH=$(mdfind kMDItemCFBundleIdentifier=\"com.ittybittyapps.Reveal2\" | head -n 1)\nBUILD_SCRIPT_PATH=\"${REVEAL_APP_PATH}/Contents/SharedSupport/Scripts/reveal_server_build_phase.sh\"\nif [ \"${REVEAL_APP_PATH}\" -a -e \"${BUILD_SCRIPT_PATH}\" ]; then\n\"${BUILD_SCRIPT_PATH}\"\nelse\necho \"Reveal Server not loaded: Cannot find a compatible Reveal app.\"\nfi\n";
		};
/* End PBXShellScriptBuildPhase section */

/* Begin PBXSourcesBuildPhase section */
		B528050D1E3FA94D00EE832A /* Sources */ = {
			isa = PBXSourcesBuildPhase;
			buildActionMask = 2147483647;
			files = (
				B591EB851E44D946006C7D28 /* ContactCell.swift in Sources */,
				B5D5C95E1E44357100C80D5F /* CustomNavigationController.swift in Sources */,
				B5E762731E40DC5800D63D62 /* FetchIssuesOperation.swift in Sources */,
				B52805171E3FA94D00EE832A /* WelcomeViewController.swift in Sources */,
				B5E7625D1E403B8600D63D62 /* StatsViewModel.swift in Sources */,
				9C18DA5F1E458E480024B991 /* ContactDetailCell.swift in Sources */,
				B5E806FF1E463FE300EBE553 /* UserLocation.swift in Sources */,
				9C18DA611E461C920024B991 /* PaddedLabel.swift in Sources */,
				B5E762591E40374600D63D62 /* FetchStatsOperation.swift in Sources */,
				B5E762671E40CBB600D63D62 /* EditLocationViewController.swift in Sources */,
				B5CA63F61E41772D00966B7D /* IssueCell.swift in Sources */,
				B5E7625B1E4037B400D63D62 /* BaseOperation.swift in Sources */,
				B5E762691E40D63800D63D62 /* Issue.swift in Sources */,
				B5CA63FB1E422D0700966B7D /* IssuesContainerViewController.swift in Sources */,
				B5E762711E40D8DD00D63D62 /* JSONSerializable.swift in Sources */,
				B5E7626B1E40D6DD00D63D62 /* Contact.swift in Sources */,
				B5E762651E40480300D63D62 /* UserDefaultsKeys.swift in Sources */,
				B5E7625F1E403C4700D63D62 /* StatsPageViewController.swift in Sources */,
				B5D5C95A1E441FEC00C80D5F /* IssuesManager.swift in Sources */,
				2732D7C71E4300F300F149EF /* NotificationNames.swift in Sources */,
				B52805151E3FA94D00EE832A /* AppDelegate.swift in Sources */,
				B5D5C95C1E44317700C80D5F /* IssueDetailCell.swift in Sources */,
				B5D5C9581E4391E200C80D5F /* IssueDetailViewController.swift in Sources */,
				9C18DA5D1E457F3D0024B991 /* CallScriptViewController.swift in Sources */,
				F57BD8BA1E438E7600BD554C /* AppearanceProxies.swift in Sources */,
				B5E762751E40E39000D63D62 /* IssuesList.swift in Sources */,
				B5E762611E40470100D63D62 /* IssuesViewController.swift in Sources */,
				B5CA63F81E41779300966B7D /* CheckboxView.swift in Sources */,
				B5E807041E46796A00EBE553 /* RemoteImageView.swift in Sources */,
			);
			runOnlyForDeploymentPostprocessing = 0;
		};
/* End PBXSourcesBuildPhase section */

/* Begin PBXVariantGroup section */
		B52805181E3FA94D00EE832A /* Welcome.storyboard */ = {
			isa = PBXVariantGroup;
			children = (
				B52805191E3FA94D00EE832A /* Base */,
			);
			name = Welcome.storyboard;
			sourceTree = "<group>";
		};
		B528051D1E3FA94D00EE832A /* LaunchScreen.storyboard */ = {
			isa = PBXVariantGroup;
			children = (
				B528051E1E3FA94D00EE832A /* Base */,
			);
			name = LaunchScreen.storyboard;
			sourceTree = "<group>";
		};
/* End PBXVariantGroup section */

/* Begin XCBuildConfiguration section */
		B52805211E3FA94D00EE832A /* Debug */ = {
			isa = XCBuildConfiguration;
			buildSettings = {
				ALWAYS_SEARCH_USER_PATHS = NO;
				CLANG_ANALYZER_NONNULL = YES;
				CLANG_CXX_LANGUAGE_STANDARD = "gnu++0x";
				CLANG_CXX_LIBRARY = "libc++";
				CLANG_ENABLE_MODULES = YES;
				CLANG_ENABLE_OBJC_ARC = YES;
				CLANG_WARN_BOOL_CONVERSION = YES;
				CLANG_WARN_CONSTANT_CONVERSION = YES;
				CLANG_WARN_DIRECT_OBJC_ISA_USAGE = YES_ERROR;
				CLANG_WARN_DOCUMENTATION_COMMENTS = YES;
				CLANG_WARN_EMPTY_BODY = YES;
				CLANG_WARN_ENUM_CONVERSION = YES;
				CLANG_WARN_INFINITE_RECURSION = YES;
				CLANG_WARN_INT_CONVERSION = YES;
				CLANG_WARN_OBJC_ROOT_CLASS = YES_ERROR;
				CLANG_WARN_SUSPICIOUS_MOVE = YES;
				CLANG_WARN_UNREACHABLE_CODE = YES;
				CLANG_WARN__DUPLICATE_METHOD_MATCH = YES;
				"CODE_SIGN_IDENTITY[sdk=iphoneos*]" = "iPhone Developer";
				COPY_PHASE_STRIP = NO;
				DEBUG_INFORMATION_FORMAT = dwarf;
				ENABLE_STRICT_OBJC_MSGSEND = YES;
				ENABLE_TESTABILITY = YES;
				GCC_C_LANGUAGE_STANDARD = gnu99;
				GCC_DYNAMIC_NO_PIC = NO;
				GCC_NO_COMMON_BLOCKS = YES;
				GCC_OPTIMIZATION_LEVEL = 0;
				GCC_PREPROCESSOR_DEFINITIONS = (
					"DEBUG=1",
					"$(inherited)",
				);
				GCC_WARN_64_TO_32_BIT_CONVERSION = YES;
				GCC_WARN_ABOUT_RETURN_TYPE = YES_ERROR;
				GCC_WARN_UNDECLARED_SELECTOR = YES;
				GCC_WARN_UNINITIALIZED_AUTOS = YES_AGGRESSIVE;
				GCC_WARN_UNUSED_FUNCTION = YES;
				GCC_WARN_UNUSED_VARIABLE = YES;
				IPHONEOS_DEPLOYMENT_TARGET = 10.2;
				MTL_ENABLE_DEBUG_INFO = YES;
				ONLY_ACTIVE_ARCH = YES;
				SDKROOT = iphoneos;
				SWIFT_ACTIVE_COMPILATION_CONDITIONS = DEBUG;
				SWIFT_OPTIMIZATION_LEVEL = "-Onone";
			};
			name = Debug;
		};
		B52805221E3FA94D00EE832A /* Release */ = {
			isa = XCBuildConfiguration;
			buildSettings = {
				ALWAYS_SEARCH_USER_PATHS = NO;
				CLANG_ANALYZER_NONNULL = YES;
				CLANG_CXX_LANGUAGE_STANDARD = "gnu++0x";
				CLANG_CXX_LIBRARY = "libc++";
				CLANG_ENABLE_MODULES = YES;
				CLANG_ENABLE_OBJC_ARC = YES;
				CLANG_WARN_BOOL_CONVERSION = YES;
				CLANG_WARN_CONSTANT_CONVERSION = YES;
				CLANG_WARN_DIRECT_OBJC_ISA_USAGE = YES_ERROR;
				CLANG_WARN_DOCUMENTATION_COMMENTS = YES;
				CLANG_WARN_EMPTY_BODY = YES;
				CLANG_WARN_ENUM_CONVERSION = YES;
				CLANG_WARN_INFINITE_RECURSION = YES;
				CLANG_WARN_INT_CONVERSION = YES;
				CLANG_WARN_OBJC_ROOT_CLASS = YES_ERROR;
				CLANG_WARN_SUSPICIOUS_MOVE = YES;
				CLANG_WARN_UNREACHABLE_CODE = YES;
				CLANG_WARN__DUPLICATE_METHOD_MATCH = YES;
				"CODE_SIGN_IDENTITY[sdk=iphoneos*]" = "iPhone Developer";
				COPY_PHASE_STRIP = NO;
				DEBUG_INFORMATION_FORMAT = "dwarf-with-dsym";
				ENABLE_NS_ASSERTIONS = NO;
				ENABLE_STRICT_OBJC_MSGSEND = YES;
				GCC_C_LANGUAGE_STANDARD = gnu99;
				GCC_NO_COMMON_BLOCKS = YES;
				GCC_WARN_64_TO_32_BIT_CONVERSION = YES;
				GCC_WARN_ABOUT_RETURN_TYPE = YES_ERROR;
				GCC_WARN_UNDECLARED_SELECTOR = YES;
				GCC_WARN_UNINITIALIZED_AUTOS = YES_AGGRESSIVE;
				GCC_WARN_UNUSED_FUNCTION = YES;
				GCC_WARN_UNUSED_VARIABLE = YES;
				IPHONEOS_DEPLOYMENT_TARGET = 10.2;
				MTL_ENABLE_DEBUG_INFO = NO;
				SDKROOT = iphoneos;
				SWIFT_OPTIMIZATION_LEVEL = "-Owholemodule";
				VALIDATE_PRODUCT = YES;
			};
			name = Release;
		};
		B52805241E3FA94D00EE832A /* Debug */ = {
			isa = XCBuildConfiguration;
			buildSettings = {
				ASSETCATALOG_COMPILER_APPICON_NAME = AppIcon;
				DEVELOPMENT_TEAM = C2K3864N2N;
				INFOPLIST_FILE = FiveCalls/Info.plist;
				LD_RUNPATH_SEARCH_PATHS = "$(inherited) @executable_path/Frameworks";
				PRODUCT_BUNDLE_IDENTIFIER = "org.fivecalls.FiveCalls-ios";
				PRODUCT_NAME = "$(TARGET_NAME)";
				SWIFT_VERSION = 3.0;
			};
			name = Debug;
		};
		B52805251E3FA94D00EE832A /* Release */ = {
			isa = XCBuildConfiguration;
			buildSettings = {
				ASSETCATALOG_COMPILER_APPICON_NAME = AppIcon;
				DEVELOPMENT_TEAM = C2K3864N2N;
				INFOPLIST_FILE = FiveCalls/Info.plist;
				LD_RUNPATH_SEARCH_PATHS = "$(inherited) @executable_path/Frameworks";
				PRODUCT_BUNDLE_IDENTIFIER = "org.fivecalls.FiveCalls-ios";
				PRODUCT_NAME = "$(TARGET_NAME)";
				SWIFT_VERSION = 3.0;
			};
			name = Release;
		};
/* End XCBuildConfiguration section */

/* Begin XCConfigurationList section */
		B528050C1E3FA94D00EE832A /* Build configuration list for PBXProject "FiveCalls" */ = {
			isa = XCConfigurationList;
			buildConfigurations = (
				B52805211E3FA94D00EE832A /* Debug */,
				B52805221E3FA94D00EE832A /* Release */,
			);
			defaultConfigurationIsVisible = 0;
			defaultConfigurationName = Release;
		};
		B52805231E3FA94D00EE832A /* Build configuration list for PBXNativeTarget "FiveCalls" */ = {
			isa = XCConfigurationList;
			buildConfigurations = (
				B52805241E3FA94D00EE832A /* Debug */,
				B52805251E3FA94D00EE832A /* Release */,
			);
			defaultConfigurationIsVisible = 0;
			defaultConfigurationName = Release;
		};
/* End XCConfigurationList section */
	};
	rootObject = B52805091E3FA94D00EE832A /* Project object */;
}
