// !$*UTF8*$!
{
	archiveVersion = 1;
	classes = {
	};
	objectVersion = 70;
	objects = {

/* Begin PBXBuildFile section */
		061B964448DA5CCCC94994E2 /* CoreText.framework in Frameworks */ = {isa = PBXBuildFile; fileRef = 49B7C84D8023A9154688796F /* CoreText.framework */; };
		2258E3332E54E3BF0032F1C5 /* GET-v1-issue-script.json in Resources */ = {isa = PBXBuildFile; fileRef = 2258E3322E54E3BD0032F1C5 /* GET-v1-issue-script.json */; };
		2258E3342E54E3BF0032F1C5 /* GET-v1-issue-script.json in Resources */ = {isa = PBXBuildFile; fileRef = 2258E3322E54E3BD0032F1C5 /* GET-v1-issue-script.json */; };
		2258E3382E54E40A0032F1C5 /* CustomizedScriptsTests.swift in Sources */ = {isa = PBXBuildFile; fileRef = 2258E3372E54E40A0032F1C5 /* CustomizedScriptsTests.swift */; };
		42881B27103F3B812251890B /* AVFoundation.framework in Frameworks */ = {isa = PBXBuildFile; fileRef = 97792E8AE44B5A2E12357E88 /* AVFoundation.framework */; };
		4F07B2382B45E5ED00C575DF /* AcknowList in Frameworks */ = {isa = PBXBuildFile; productRef = 4F07B2372B45E5ED00C575DF /* AcknowList */; };
		4F07B23E2B45F25E00C575DF /* Package.resolved in Resources */ = {isa = PBXBuildFile; fileRef = 4F07B23D2B45F25E00C575DF /* Package.resolved */; };
		4F2178752B488CD70032D592 /* StoreTests.swift in Sources */ = {isa = PBXBuildFile; fileRef = 4F2178742B488CD70032D592 /* StoreTests.swift */; };
		4F3A572B2B597C8E009D4616 /* UserLocationTests.swift in Sources */ = {isa = PBXBuildFile; fileRef = 4F3A572A2B597C8E009D4616 /* UserLocationTests.swift */; };
		4F3A572E2B598203009D4616 /* LocationSheetTests.swift in Sources */ = {isa = PBXBuildFile; fileRef = 4F3A572D2B598203009D4616 /* LocationSheetTests.swift */; };
		558C17D1893D9289DF88BC95 /* CoreMedia.framework in Frameworks */ = {isa = PBXBuildFile; fileRef = 54BC1EE211AE6068BB864845 /* CoreMedia.framework */; };
		60C6E15E18B252A35EF14CFA /* CoreVideo.framework in Frameworks */ = {isa = PBXBuildFile; fileRef = 5ABA0689883ACB6DB0A09A37 /* CoreVideo.framework */; };
		8A7839350A8D2B6B70E5980D /* CoreTelephony.framework in Frameworks */ = {isa = PBXBuildFile; fileRef = 097A879D4BFD5431EF684F89 /* CoreTelephony.framework */; };
		9CC7D2DC2456462200D96A5B /* WebKit.framework in Frameworks */ = {isa = PBXBuildFile; fileRef = 9CC7D2DB2456462200D96A5B /* WebKit.framework */; };
		AACC2AED1E735144004B2F2B /* StreakCounterTests.swift in Sources */ = {isa = PBXBuildFile; fileRef = AACC2AEC1E735144004B2F2B /* StreakCounterTests.swift */; };
		B13763C171A7D473EE15FAA1 /* QuartzCore.framework in Frameworks */ = {isa = PBXBuildFile; fileRef = AC9AA735873694488D24C260 /* QuartzCore.framework */; };
		B50280681E478BF500749ED7 /* ContactLogsTests.swift in Sources */ = {isa = PBXBuildFile; fileRef = B50280671E478BF500749ED7 /* ContactLogsTests.swift */; };
		B5A70A5B1E4C01A00031DF58 /* FiveCallsUITests.swift in Sources */ = {isa = PBXBuildFile; fileRef = B5A70A5A1E4C01A00031DF58 /* FiveCallsUITests.swift */; };
		B5A70A631E4C02DD0031DF58 /* SnapshotHelper.swift in Sources */ = {isa = PBXBuildFile; fileRef = B5A70A621E4C02DD0031DF58 /* SnapshotHelper.swift */; };
		B5E98E3B1E52A566005221B7 /* GET-v1-report.json in Resources */ = {isa = PBXBuildFile; fileRef = B5E98E3A1E52A566005221B7 /* GET-v1-report.json */; };
		B5E98E411E52A8AB005221B7 /* POST-report.json in Resources */ = {isa = PBXBuildFile; fileRef = B5E98E401E52A8AB005221B7 /* POST-report.json */; };
		D0176E8B2B3343150090E6B7 /* ContactParsingTest.swift in Sources */ = {isa = PBXBuildFile; fileRef = D0176E8A2B3343150090E6B7 /* ContactParsingTest.swift */; };
		D0176E8D2B33443D0090E6B7 /* GET-v1-reps.json in Resources */ = {isa = PBXBuildFile; fileRef = D0D169CC23BD999C00C695B7 /* GET-v1-reps.json */; };
		D0176E922B33457D0090E6B7 /* ReportParsingTest.swift in Sources */ = {isa = PBXBuildFile; fileRef = D0176E912B33457D0090E6B7 /* ReportParsingTest.swift */; };
		D0176E932B3346FD0090E6B7 /* GET-v1-report.json in Resources */ = {isa = PBXBuildFile; fileRef = B5E98E3A1E52A566005221B7 /* GET-v1-report.json */; };
		D02FFCE2245F5733003ADA2B /* ScriptCustomizationTests.swift in Sources */ = {isa = PBXBuildFile; fileRef = D02FFCE1245F5733003ADA2B /* ScriptCustomizationTests.swift */; };
		D05745852A53E34300A8534A /* PlausibleSwift in Frameworks */ = {isa = PBXBuildFile; productRef = D05745842A53E34300A8534A /* PlausibleSwift */; };
		D058465D2E592ACB00C7ED4C /* MarkdownUI in Frameworks */ = {isa = PBXBuildFile; productRef = D058465C2E592ACB00C7ED4C /* MarkdownUI */; };
		D05EDAF62B3282F500FD94BD /* IssueParsingTest.swift in Sources */ = {isa = PBXBuildFile; fileRef = D05EDAF52B3282F500FD94BD /* IssueParsingTest.swift */; };
		D05EDB0A2B328A4A00FD94BD /* GET-v1-issues.json in Resources */ = {isa = PBXBuildFile; fileRef = D0D169CA23BD990C00C695B7 /* GET-v1-issues.json */; };
		D07D7C282B3F75C2004721B3 /* GET-v1-issues-UI.json in Resources */ = {isa = PBXBuildFile; fileRef = D07D7C272B3F75C2004721B3 /* GET-v1-issues-UI.json */; };
		D07D7C2D2B3FE530004721B3 /* GET-v1-reps-UI.json in Resources */ = {isa = PBXBuildFile; fileRef = D07D7C2C2B3FE530004721B3 /* GET-v1-reps-UI.json */; };
		D0BA59AB1F9546510069DA58 /* NotificationService.swift in Sources */ = {isa = PBXBuildFile; fileRef = D0BA59AA1F9546510069DA58 /* NotificationService.swift */; };
		D0BA59AF1F9546510069DA58 /* NotificationsService.appex in Embed Foundation Extensions */ = {isa = PBXBuildFile; fileRef = D0BA59A81F9546510069DA58 /* NotificationsService.appex */; settings = {ATTRIBUTES = (RemoveHeadersOnCopy, ); }; };
		D0BC8D2E2CFC23EA00560EDA /* AppStateTests.swift in Sources */ = {isa = PBXBuildFile; fileRef = D0BC8D2D2CFC23EA00560EDA /* AppStateTests.swift */; };
		D0CFF333284A835F0082693E /* OneSignal in Frameworks */ = {isa = PBXBuildFile; productRef = D0CFF332284A835F0082693E /* OneSignal */; };
		D0CFF335284A835F0082693E /* OneSignalExtension in Frameworks */ = {isa = PBXBuildFile; productRef = D0CFF334284A835F0082693E /* OneSignalExtension */; };
		D0D169CB23BD990C00C695B7 /* GET-v1-issues.json in Resources */ = {isa = PBXBuildFile; fileRef = D0D169CA23BD990C00C695B7 /* GET-v1-issues.json */; };
		D0D169CD23BD999C00C695B7 /* GET-v1-reps.json in Resources */ = {isa = PBXBuildFile; fileRef = D0D169CC23BD999C00C695B7 /* GET-v1-reps.json */; };
		D0D8A8412E7A6F4D006B0B2E /* IssueDetailWarningTests.swift in Sources */ = {isa = PBXBuildFile; fileRef = D0D8A8402E7A6F4D006B0B2E /* IssueDetailWarningTests.swift */; };
		D0E042662B47D06700D22647 /* IssueTests.swift in Sources */ = {isa = PBXBuildFile; fileRef = D0E042652B47D06700D22647 /* IssueTests.swift */; };
		E00C4DA8DB93E99E40E87452 /* SystemConfiguration.framework in Frameworks */ = {isa = PBXBuildFile; fileRef = AF2A740FE5EBC6A70F2AB3CA /* SystemConfiguration.framework */; };
/* End PBXBuildFile section */

/* Begin PBXContainerItemProxy section */
		B50280601E478BC200749ED7 /* PBXContainerItemProxy */ = {
			isa = PBXContainerItemProxy;
			containerPortal = B52805091E3FA94D00EE832A /* Project object */;
			proxyType = 1;
			remoteGlobalIDString = B52805101E3FA94D00EE832A;
			remoteInfo = FiveCalls;
		};
		B5A70A5D1E4C01A00031DF58 /* PBXContainerItemProxy */ = {
			isa = PBXContainerItemProxy;
			containerPortal = B52805091E3FA94D00EE832A /* Project object */;
			proxyType = 1;
			remoteGlobalIDString = B52805101E3FA94D00EE832A;
			remoteInfo = FiveCalls;
		};
		D0BA59AD1F9546510069DA58 /* PBXContainerItemProxy */ = {
			isa = PBXContainerItemProxy;
			containerPortal = B52805091E3FA94D00EE832A /* Project object */;
			proxyType = 1;
			remoteGlobalIDString = D0BA59A71F9546510069DA58;
			remoteInfo = NotificationsService;
		};
/* End PBXContainerItemProxy section */

/* Begin PBXCopyFilesBuildPhase section */
		D0BA59B31F9546510069DA58 /* Embed Foundation Extensions */ = {
			isa = PBXCopyFilesBuildPhase;
			buildActionMask = 2147483647;
			dstPath = "";
			dstSubfolderSpec = 13;
			files = (
				D0BA59AF1F9546510069DA58 /* NotificationsService.appex in Embed Foundation Extensions */,
			);
			name = "Embed Foundation Extensions";
			runOnlyForDeploymentPostprocessing = 0;
		};
/* End PBXCopyFilesBuildPhase section */

/* Begin PBXFileReference section */
		097A879D4BFD5431EF684F89 /* CoreTelephony.framework */ = {isa = PBXFileReference; lastKnownFileType = wrapper.framework; name = CoreTelephony.framework; path = System/Library/Frameworks/CoreTelephony.framework; sourceTree = SDKROOT; };
		2258E3322E54E3BD0032F1C5 /* GET-v1-issue-script.json */ = {isa = PBXFileReference; lastKnownFileType = text.json; path = "GET-v1-issue-script.json"; sourceTree = "<group>"; };
		2258E3372E54E40A0032F1C5 /* CustomizedScriptsTests.swift */ = {isa = PBXFileReference; lastKnownFileType = sourcecode.swift; path = CustomizedScriptsTests.swift; sourceTree = "<group>"; };
		49B7C84D8023A9154688796F /* CoreText.framework */ = {isa = PBXFileReference; lastKnownFileType = wrapper.framework; name = CoreText.framework; path = System/Library/Frameworks/CoreText.framework; sourceTree = SDKROOT; };
		4F07B23D2B45F25E00C575DF /* Package.resolved */ = {isa = PBXFileReference; fileEncoding = 4; lastKnownFileType = text; name = Package.resolved; path = FiveCalls.xcodeproj/project.xcworkspace/xcshareddata/swiftpm/Package.resolved; sourceTree = "<group>"; };
		4F2178742B488CD70032D592 /* StoreTests.swift */ = {isa = PBXFileReference; lastKnownFileType = sourcecode.swift; path = StoreTests.swift; sourceTree = "<group>"; };
		4F3A572A2B597C8E009D4616 /* UserLocationTests.swift */ = {isa = PBXFileReference; lastKnownFileType = sourcecode.swift; path = UserLocationTests.swift; sourceTree = "<group>"; };
		4F3A572D2B598203009D4616 /* LocationSheetTests.swift */ = {isa = PBXFileReference; lastKnownFileType = sourcecode.swift; path = LocationSheetTests.swift; sourceTree = "<group>"; };
		54BC1EE211AE6068BB864845 /* CoreMedia.framework */ = {isa = PBXFileReference; lastKnownFileType = wrapper.framework; name = CoreMedia.framework; path = System/Library/Frameworks/CoreMedia.framework; sourceTree = SDKROOT; };
		5ABA0689883ACB6DB0A09A37 /* CoreVideo.framework */ = {isa = PBXFileReference; lastKnownFileType = wrapper.framework; name = CoreVideo.framework; path = System/Library/Frameworks/CoreVideo.framework; sourceTree = SDKROOT; };
		97792E8AE44B5A2E12357E88 /* AVFoundation.framework */ = {isa = PBXFileReference; lastKnownFileType = wrapper.framework; name = AVFoundation.framework; path = System/Library/Frameworks/AVFoundation.framework; sourceTree = SDKROOT; };
		9CC7D2D92456460300D96A5B /* Photos.framework */ = {isa = PBXFileReference; lastKnownFileType = wrapper.framework; name = Photos.framework; path = System/Library/Frameworks/Photos.framework; sourceTree = SDKROOT; };
		9CC7D2DB2456462200D96A5B /* WebKit.framework */ = {isa = PBXFileReference; lastKnownFileType = wrapper.framework; name = WebKit.framework; path = System/Library/Frameworks/WebKit.framework; sourceTree = SDKROOT; };
		AACC2AEC1E735144004B2F2B /* StreakCounterTests.swift */ = {isa = PBXFileReference; fileEncoding = 4; lastKnownFileType = sourcecode.swift; path = StreakCounterTests.swift; sourceTree = "<group>"; };
		AC9AA735873694488D24C260 /* QuartzCore.framework */ = {isa = PBXFileReference; lastKnownFileType = wrapper.framework; name = QuartzCore.framework; path = System/Library/Frameworks/QuartzCore.framework; sourceTree = SDKROOT; };
		AF2A740FE5EBC6A70F2AB3CA /* SystemConfiguration.framework */ = {isa = PBXFileReference; lastKnownFileType = wrapper.framework; name = SystemConfiguration.framework; path = System/Library/Frameworks/SystemConfiguration.framework; sourceTree = SDKROOT; };
		B502805B1E478BC200749ED7 /* FiveCallsTests.xctest */ = {isa = PBXFileReference; explicitFileType = wrapper.cfbundle; includeInIndex = 0; path = FiveCallsTests.xctest; sourceTree = BUILT_PRODUCTS_DIR; };
		B502805F1E478BC200749ED7 /* Info.plist */ = {isa = PBXFileReference; lastKnownFileType = text.plist.xml; path = Info.plist; sourceTree = "<group>"; };
		B50280671E478BF500749ED7 /* ContactLogsTests.swift */ = {isa = PBXFileReference; fileEncoding = 4; lastKnownFileType = sourcecode.swift; path = ContactLogsTests.swift; sourceTree = "<group>"; };
		B52805111E3FA94D00EE832A /* FiveCalls.app */ = {isa = PBXFileReference; explicitFileType = wrapper.application; includeInIndex = 0; path = FiveCalls.app; sourceTree = BUILT_PRODUCTS_DIR; };
		B5A70A581E4C01A00031DF58 /* FiveCallsUITests.xctest */ = {isa = PBXFileReference; explicitFileType = wrapper.cfbundle; includeInIndex = 0; path = FiveCallsUITests.xctest; sourceTree = BUILT_PRODUCTS_DIR; };
		B5A70A5A1E4C01A00031DF58 /* FiveCallsUITests.swift */ = {isa = PBXFileReference; lastKnownFileType = sourcecode.swift; path = FiveCallsUITests.swift; sourceTree = "<group>"; };
		B5A70A5C1E4C01A00031DF58 /* Info.plist */ = {isa = PBXFileReference; lastKnownFileType = text.plist.xml; path = Info.plist; sourceTree = "<group>"; };
		B5A70A621E4C02DD0031DF58 /* SnapshotHelper.swift */ = {isa = PBXFileReference; fileEncoding = 4; lastKnownFileType = sourcecode.swift; name = SnapshotHelper.swift; path = ../../fastlane/SnapshotHelper.swift; sourceTree = "<group>"; };
		B5E98E3A1E52A566005221B7 /* GET-v1-report.json */ = {isa = PBXFileReference; fileEncoding = 4; lastKnownFileType = text.json; path = "GET-v1-report.json"; sourceTree = "<group>"; };
		B5E98E401E52A8AB005221B7 /* POST-report.json */ = {isa = PBXFileReference; fileEncoding = 4; lastKnownFileType = text.json; path = "POST-report.json"; sourceTree = "<group>"; };
		CCD3D5810796C5E3DC6ACC46 /* AssetsLibrary.framework */ = {isa = PBXFileReference; lastKnownFileType = wrapper.framework; name = AssetsLibrary.framework; path = System/Library/Frameworks/AssetsLibrary.framework; sourceTree = SDKROOT; };
		D0176E8A2B3343150090E6B7 /* ContactParsingTest.swift */ = {isa = PBXFileReference; lastKnownFileType = sourcecode.swift; path = ContactParsingTest.swift; sourceTree = "<group>"; };
		D0176E912B33457D0090E6B7 /* ReportParsingTest.swift */ = {isa = PBXFileReference; lastKnownFileType = sourcecode.swift; path = ReportParsingTest.swift; sourceTree = "<group>"; };
		D02FFCE1245F5733003ADA2B /* ScriptCustomizationTests.swift */ = {isa = PBXFileReference; lastKnownFileType = sourcecode.swift; path = ScriptCustomizationTests.swift; sourceTree = "<group>"; };
		D05EDAF52B3282F500FD94BD /* IssueParsingTest.swift */ = {isa = PBXFileReference; lastKnownFileType = sourcecode.swift; path = IssueParsingTest.swift; sourceTree = "<group>"; };
		D07D7C272B3F75C2004721B3 /* GET-v1-issues-UI.json */ = {isa = PBXFileReference; lastKnownFileType = text.json; path = "GET-v1-issues-UI.json"; sourceTree = "<group>"; };
		D07D7C2C2B3FE530004721B3 /* GET-v1-reps-UI.json */ = {isa = PBXFileReference; lastKnownFileType = text.json; path = "GET-v1-reps-UI.json"; sourceTree = "<group>"; };
		D0BA59A81F9546510069DA58 /* NotificationsService.appex */ = {isa = PBXFileReference; explicitFileType = "wrapper.app-extension"; includeInIndex = 0; path = NotificationsService.appex; sourceTree = BUILT_PRODUCTS_DIR; };
		D0BA59AA1F9546510069DA58 /* NotificationService.swift */ = {isa = PBXFileReference; lastKnownFileType = sourcecode.swift; path = NotificationService.swift; sourceTree = "<group>"; };
		D0BA59AC1F9546510069DA58 /* Info.plist */ = {isa = PBXFileReference; lastKnownFileType = text.plist.xml; path = Info.plist; sourceTree = "<group>"; };
		D0BA59B61F9547080069DA58 /* NotificationsService.entitlements */ = {isa = PBXFileReference; lastKnownFileType = text.plist.entitlements; path = NotificationsService.entitlements; sourceTree = "<group>"; };
		D0BC8D2D2CFC23EA00560EDA /* AppStateTests.swift */ = {isa = PBXFileReference; lastKnownFileType = sourcecode.swift; path = AppStateTests.swift; sourceTree = "<group>"; };
		D0D169CA23BD990C00C695B7 /* GET-v1-issues.json */ = {isa = PBXFileReference; lastKnownFileType = text.json; path = "GET-v1-issues.json"; sourceTree = "<group>"; };
		D0D169CC23BD999C00C695B7 /* GET-v1-reps.json */ = {isa = PBXFileReference; lastKnownFileType = text.json; path = "GET-v1-reps.json"; sourceTree = "<group>"; };
		D0D8A8402E7A6F4D006B0B2E /* IssueDetailWarningTests.swift */ = {isa = PBXFileReference; lastKnownFileType = sourcecode.swift; path = IssueDetailWarningTests.swift; sourceTree = "<group>"; };
		D0E042652B47D06700D22647 /* IssueTests.swift */ = {isa = PBXFileReference; lastKnownFileType = sourcecode.swift; path = IssueTests.swift; sourceTree = "<group>"; };
/* End PBXFileReference section */

/* Begin PBXFileSystemSynchronizedBuildFileExceptionSet section */
		AD4D39E32EA7E769008D9E85 /* PBXFileSystemSynchronizedBuildFileExceptionSet */ = {
			isa = PBXFileSystemSynchronizedBuildFileExceptionSet;
			membershipExceptions = (
				Info.plist,
			);
			target = B52805101E3FA94D00EE832A /* FiveCalls */;
		};
/* End PBXFileSystemSynchronizedBuildFileExceptionSet section */

/* Begin PBXFileSystemSynchronizedRootGroup section */
		AD4D35F12EA67635008D9E85 /* Extensions */ = {isa = PBXFileSystemSynchronizedRootGroup; explicitFileTypes = {}; explicitFolders = (); path = Extensions; sourceTree = "<group>"; };
		AD4D39E22EA7E713008D9E85 /* AppFeature */ = {isa = PBXFileSystemSynchronizedRootGroup; exceptions = (AD4D39E32EA7E769008D9E85 /* PBXFileSystemSynchronizedBuildFileExceptionSet */, ); explicitFileTypes = {}; explicitFolders = (); path = AppFeature; sourceTree = "<group>"; };
		AD4D39F12EA7EBEF008D9E85 /* Resources */ = {isa = PBXFileSystemSynchronizedRootGroup; explicitFileTypes = {}; explicitFolders = (); path = Resources; sourceTree = "<group>"; };
		AD4D39F22EA7ED75008D9E85 /* CommonViews */ = {isa = PBXFileSystemSynchronizedRootGroup; explicitFileTypes = {}; explicitFolders = (); path = CommonViews; sourceTree = "<group>"; };
		AD4D39F32EA7EDDC008D9E85 /* Analytics */ = {isa = PBXFileSystemSynchronizedRootGroup; explicitFileTypes = {}; explicitFolders = (); path = Analytics; sourceTree = "<group>"; };
		AD4D39F42EA7EE3D008D9E85 /* DashboardFeature */ = {isa = PBXFileSystemSynchronizedRootGroup; explicitFileTypes = {}; explicitFolders = (); path = DashboardFeature; sourceTree = "<group>"; };
		AD4D39F52EA7EEED008D9E85 /* Ephemeral */ = {isa = PBXFileSystemSynchronizedRootGroup; explicitFileTypes = {}; explicitFolders = (); path = Ephemeral; sourceTree = "<group>"; };
		AD4D39F62EA7EFA5008D9E85 /* InboxFeature */ = {isa = PBXFileSystemSynchronizedRootGroup; explicitFileTypes = {}; explicitFolders = (); path = InboxFeature; sourceTree = "<group>"; };
		AD4D39F82EA7EFED008D9E85 /* IssueFeature */ = {isa = PBXFileSystemSynchronizedRootGroup; explicitFileTypes = {}; explicitFolders = (); path = IssueFeature; sourceTree = "<group>"; };
		AD4D3A4B2EA7F1F8008D9E85 /* Models */ = {isa = PBXFileSystemSynchronizedRootGroup; explicitFileTypes = {}; explicitFolders = (); path = Models; sourceTree = "<group>"; };
		AD4D3A4C2EA7F255008D9E85 /* Operations */ = {isa = PBXFileSystemSynchronizedRootGroup; explicitFileTypes = {}; explicitFolders = (); path = Operations; sourceTree = "<group>"; };
		AD4D3A4D2EA7F2B9008D9E85 /* Redux */ = {isa = PBXFileSystemSynchronizedRootGroup; explicitFileTypes = {}; explicitFolders = (); path = Redux; sourceTree = "<group>"; };
		AD4D3A4E2EA7F30F008D9E85 /* WelcomeFeature */ = {isa = PBXFileSystemSynchronizedRootGroup; explicitFileTypes = {}; explicitFolders = (); path = WelcomeFeature; sourceTree = "<group>"; };
		AD4D3A4F2EA7F361008D9E85 /* Utilities */ = {isa = PBXFileSystemSynchronizedRootGroup; explicitFileTypes = {}; explicitFolders = (); path = Utilities; sourceTree = "<group>"; };
		AD4D3A502EA7F42E008D9E85 /* View Models */ = {isa = PBXFileSystemSynchronizedRootGroup; explicitFileTypes = {}; explicitFolders = (); path = "View Models"; sourceTree = "<group>"; };
/* End PBXFileSystemSynchronizedRootGroup section */

/* Begin PBXFrameworksBuildPhase section */
		B50280581E478BC200749ED7 /* Frameworks */ = {
			isa = PBXFrameworksBuildPhase;
			buildActionMask = 2147483647;
			files = (
			);
			runOnlyForDeploymentPostprocessing = 0;
		};
		B528050E1E3FA94D00EE832A /* Frameworks */ = {
			isa = PBXFrameworksBuildPhase;
			buildActionMask = 2147483647;
			files = (
				9CC7D2DC2456462200D96A5B /* WebKit.framework in Frameworks */,
				4F07B2382B45E5ED00C575DF /* AcknowList in Frameworks */,
				D05745852A53E34300A8534A /* PlausibleSwift in Frameworks */,
				D058465D2E592ACB00C7ED4C /* MarkdownUI in Frameworks */,
				061B964448DA5CCCC94994E2 /* CoreText.framework in Frameworks */,
				8A7839350A8D2B6B70E5980D /* CoreTelephony.framework in Frameworks */,
				E00C4DA8DB93E99E40E87452 /* SystemConfiguration.framework in Frameworks */,
				D0CFF333284A835F0082693E /* OneSignal in Frameworks */,
				B13763C171A7D473EE15FAA1 /* QuartzCore.framework in Frameworks */,
				42881B27103F3B812251890B /* AVFoundation.framework in Frameworks */,
				558C17D1893D9289DF88BC95 /* CoreMedia.framework in Frameworks */,
				60C6E15E18B252A35EF14CFA /* CoreVideo.framework in Frameworks */,
			);
			runOnlyForDeploymentPostprocessing = 0;
		};
		B5A70A551E4C01A00031DF58 /* Frameworks */ = {
			isa = PBXFrameworksBuildPhase;
			buildActionMask = 2147483647;
			files = (
			);
			runOnlyForDeploymentPostprocessing = 0;
		};
		D0BA59A51F9546510069DA58 /* Frameworks */ = {
			isa = PBXFrameworksBuildPhase;
			buildActionMask = 2147483647;
			files = (
				D0CFF335284A835F0082693E /* OneSignalExtension in Frameworks */,
			);
			runOnlyForDeploymentPostprocessing = 0;
		};
/* End PBXFrameworksBuildPhase section */

/* Begin PBXGroup section */
		41C59A8CD8923A7D219FA9B5 /* Frameworks */ = {
			isa = PBXGroup;
			children = (
				9CC7D2DB2456462200D96A5B /* WebKit.framework */,
				9CC7D2D92456460300D96A5B /* Photos.framework */,
				CCD3D5810796C5E3DC6ACC46 /* AssetsLibrary.framework */,
				49B7C84D8023A9154688796F /* CoreText.framework */,
				097A879D4BFD5431EF684F89 /* CoreTelephony.framework */,
				AF2A740FE5EBC6A70F2AB3CA /* SystemConfiguration.framework */,
				AC9AA735873694488D24C260 /* QuartzCore.framework */,
				97792E8AE44B5A2E12357E88 /* AVFoundation.framework */,
				54BC1EE211AE6068BB864845 /* CoreMedia.framework */,
				5ABA0689883ACB6DB0A09A37 /* CoreVideo.framework */,
			);
			name = Frameworks;
			sourceTree = "<group>";
		};
		B502805C1E478BC200749ED7 /* FiveCallsTests */ = {
			isa = PBXGroup;
			children = (
				B502805F1E478BC200749ED7 /* Info.plist */,
				D0D8A8402E7A6F4D006B0B2E /* IssueDetailWarningTests.swift */,
				D0BC8D2D2CFC23EA00560EDA /* AppStateTests.swift */,
				B50280671E478BF500749ED7 /* ContactLogsTests.swift */,
				D0176E8A2B3343150090E6B7 /* ContactParsingTest.swift */,
				D05EDAF52B3282F500FD94BD /* IssueParsingTest.swift */,
				D0E042652B47D06700D22647 /* IssueTests.swift */,
				4F3A572D2B598203009D4616 /* LocationSheetTests.swift */,
				D0176E912B33457D0090E6B7 /* ReportParsingTest.swift */,
				D02FFCE1245F5733003ADA2B /* ScriptCustomizationTests.swift */,
				4F2178742B488CD70032D592 /* StoreTests.swift */,
				AACC2AEC1E735144004B2F2B /* StreakCounterTests.swift */,
				4F3A572A2B597C8E009D4616 /* UserLocationTests.swift */,
				2258E3372E54E40A0032F1C5 /* CustomizedScriptsTests.swift */,
			);
			path = FiveCallsTests;
			sourceTree = "<group>";
		};
		B52805081E3FA94D00EE832A = {
			isa = PBXGroup;
			children = (
				4F07B23D2B45F25E00C575DF /* Package.resolved */,
				B52805131E3FA94D00EE832A /* FiveCalls */,
				B502805C1E478BC200749ED7 /* FiveCallsTests */,
				B5A70A591E4C01A00031DF58 /* FiveCallsUITests */,
				D0BA59A91F9546510069DA58 /* NotificationsService */,
				B52805121E3FA94D00EE832A /* Products */,
				41C59A8CD8923A7D219FA9B5 /* Frameworks */,
			);
			sourceTree = "<group>";
		};
		B52805121E3FA94D00EE832A /* Products */ = {
			isa = PBXGroup;
			children = (
				B52805111E3FA94D00EE832A /* FiveCalls.app */,
				B502805B1E478BC200749ED7 /* FiveCallsTests.xctest */,
				B5A70A581E4C01A00031DF58 /* FiveCallsUITests.xctest */,
				D0BA59A81F9546510069DA58 /* NotificationsService.appex */,
			);
			name = Products;
			sourceTree = "<group>";
		};
		B52805131E3FA94D00EE832A /* FiveCalls */ = {
			isa = PBXGroup;
			children = (
				AD4D39F32EA7EDDC008D9E85 /* Analytics */,
				AD4D39E22EA7E713008D9E85 /* AppFeature */,
				AD4D39F22EA7ED75008D9E85 /* CommonViews */,
				AD4D39F42EA7EE3D008D9E85 /* DashboardFeature */,
				AD4D39F52EA7EEED008D9E85 /* Ephemeral */,
				AD4D35F12EA67635008D9E85 /* Extensions */,
				AD4D39F62EA7EFA5008D9E85 /* InboxFeature */,
				AD4D39F82EA7EFED008D9E85 /* IssueFeature */,
				AD4D3A4B2EA7F1F8008D9E85 /* Models */,
				AD4D3A4C2EA7F255008D9E85 /* Operations */,
				AD4D3A4D2EA7F2B9008D9E85 /* Redux */,
				AD4D39F12EA7EBEF008D9E85 /* Resources */,
				AD4D3A4F2EA7F361008D9E85 /* Utilities */,
				AD4D3A502EA7F42E008D9E85 /* View Models */,
				AD4D3A4E2EA7F30F008D9E85 /* WelcomeFeature */,
			);
			path = FiveCalls;
			sourceTree = "<group>";
		};
		B5A70A591E4C01A00031DF58 /* FiveCallsUITests */ = {
			isa = PBXGroup;
			children = (
				B5E98E391E52A41E005221B7 /* Fixtures */,
				B5A70A621E4C02DD0031DF58 /* SnapshotHelper.swift */,
				B5A70A5A1E4C01A00031DF58 /* FiveCallsUITests.swift */,
				B5A70A5C1E4C01A00031DF58 /* Info.plist */,
			);
			path = FiveCallsUITests;
			sourceTree = "<group>";
		};
		B5E98E391E52A41E005221B7 /* Fixtures */ = {
			isa = PBXGroup;
			children = (
				2258E3322E54E3BD0032F1C5 /* GET-v1-issue-script.json */,
				B5E98E3A1E52A566005221B7 /* GET-v1-report.json */,
				D0D169CA23BD990C00C695B7 /* GET-v1-issues.json */,
				D07D7C272B3F75C2004721B3 /* GET-v1-issues-UI.json */,
				D0D169CC23BD999C00C695B7 /* GET-v1-reps.json */,
				D07D7C2C2B3FE530004721B3 /* GET-v1-reps-UI.json */,
				B5E98E401E52A8AB005221B7 /* POST-report.json */,
			);
			name = Fixtures;
			sourceTree = "<group>";
		};
		D0BA59A91F9546510069DA58 /* NotificationsService */ = {
			isa = PBXGroup;
			children = (
				D0BA59B61F9547080069DA58 /* NotificationsService.entitlements */,
				D0BA59AA1F9546510069DA58 /* NotificationService.swift */,
				D0BA59AC1F9546510069DA58 /* Info.plist */,
			);
			path = NotificationsService;
			sourceTree = "<group>";
		};
/* End PBXGroup section */

/* Begin PBXNativeTarget section */
		B502805A1E478BC200749ED7 /* FiveCallsTests */ = {
			isa = PBXNativeTarget;
			buildConfigurationList = B50280621E478BC200749ED7 /* Build configuration list for PBXNativeTarget "FiveCallsTests" */;
			buildPhases = (
				B50280571E478BC200749ED7 /* Sources */,
				B50280581E478BC200749ED7 /* Frameworks */,
				B50280591E478BC200749ED7 /* Resources */,
			);
			buildRules = (
			);
			dependencies = (
				B50280611E478BC200749ED7 /* PBXTargetDependency */,
			);
			name = FiveCallsTests;
			productName = FiveCallsTests;
			productReference = B502805B1E478BC200749ED7 /* FiveCallsTests.xctest */;
			productType = "com.apple.product-type.bundle.unit-test";
		};
		B52805101E3FA94D00EE832A /* FiveCalls */ = {
			isa = PBXNativeTarget;
			buildConfigurationList = B52805231E3FA94D00EE832A /* Build configuration list for PBXNativeTarget "FiveCalls" */;
			buildPhases = (
				B528050D1E3FA94D00EE832A /* Sources */,
				B528050E1E3FA94D00EE832A /* Frameworks */,
				B528050F1E3FA94D00EE832A /* Resources */,
				D0BA59B31F9546510069DA58 /* Embed Foundation Extensions */,
			);
			buildRules = (
			);
			dependencies = (
				D0BA59AE1F9546510069DA58 /* PBXTargetDependency */,
			);
			fileSystemSynchronizedGroups = (
				AD4D35F12EA67635008D9E85 /* Extensions */,
				AD4D39E22EA7E713008D9E85 /* AppFeature */,
				AD4D39F12EA7EBEF008D9E85 /* Resources */,
				AD4D39F22EA7ED75008D9E85 /* CommonViews */,
				AD4D39F32EA7EDDC008D9E85 /* Analytics */,
				AD4D39F42EA7EE3D008D9E85 /* DashboardFeature */,
				AD4D39F52EA7EEED008D9E85 /* Ephemeral */,
				AD4D39F62EA7EFA5008D9E85 /* InboxFeature */,
				AD4D39F82EA7EFED008D9E85 /* IssueFeature */,
				AD4D3A4B2EA7F1F8008D9E85 /* Models */,
				AD4D3A4C2EA7F255008D9E85 /* Operations */,
				AD4D3A4D2EA7F2B9008D9E85 /* Redux */,
				AD4D3A4E2EA7F30F008D9E85 /* WelcomeFeature */,
				AD4D3A4F2EA7F361008D9E85 /* Utilities */,
				AD4D3A502EA7F42E008D9E85 /* View Models */,
			);
			name = FiveCalls;
			packageProductDependencies = (
				D0CFF332284A835F0082693E /* OneSignal */,
				D05745842A53E34300A8534A /* PlausibleSwift */,
				4F07B2372B45E5ED00C575DF /* AcknowList */,
				D058465C2E592ACB00C7ED4C /* MarkdownUI */,
			);
			productName = FiveCalls;
			productReference = B52805111E3FA94D00EE832A /* FiveCalls.app */;
			productType = "com.apple.product-type.application";
		};
		B5A70A571E4C01A00031DF58 /* FiveCallsUITests */ = {
			isa = PBXNativeTarget;
			buildConfigurationList = B5A70A611E4C01A00031DF58 /* Build configuration list for PBXNativeTarget "FiveCallsUITests" */;
			buildPhases = (
				B5A70A541E4C01A00031DF58 /* Sources */,
				B5A70A551E4C01A00031DF58 /* Frameworks */,
				B5A70A561E4C01A00031DF58 /* Resources */,
			);
			buildRules = (
			);
			dependencies = (
				B5A70A5E1E4C01A00031DF58 /* PBXTargetDependency */,
			);
			name = FiveCallsUITests;
			packageProductDependencies = (
			);
			productName = FiveCallsUITests;
			productReference = B5A70A581E4C01A00031DF58 /* FiveCallsUITests.xctest */;
			productType = "com.apple.product-type.bundle.ui-testing";
		};
		D0BA59A71F9546510069DA58 /* NotificationsService */ = {
			isa = PBXNativeTarget;
			buildConfigurationList = D0BA59B21F9546510069DA58 /* Build configuration list for PBXNativeTarget "NotificationsService" */;
			buildPhases = (
				D0BA59A41F9546510069DA58 /* Sources */,
				D0BA59A51F9546510069DA58 /* Frameworks */,
				D0BA59A61F9546510069DA58 /* Resources */,
			);
			buildRules = (
			);
			dependencies = (
			);
			name = NotificationsService;
			packageProductDependencies = (
				D0CFF334284A835F0082693E /* OneSignalExtension */,
			);
			productName = NotificationsService;
			productReference = D0BA59A81F9546510069DA58 /* NotificationsService.appex */;
			productType = "com.apple.product-type.app-extension";
		};
/* End PBXNativeTarget section */

/* Begin PBXProject section */
		B52805091E3FA94D00EE832A /* Project object */ = {
			isa = PBXProject;
			attributes = {
				BuildIndependentTargetsInParallel = YES;
				LastSwiftUpdateCheck = 0900;
				LastUpgradeCheck = 1640;
				ORGANIZATIONNAME = 5calls;
				TargetAttributes = {
					B502805A1E478BC200749ED7 = {
						CreatedOnToolsVersion = 8.2.1;
						DevelopmentTeam = 5A8RM3W5R7;
						LastSwiftMigration = 1130;
						ProvisioningStyle = Automatic;
						TestTargetID = B52805101E3FA94D00EE832A;
					};
					B52805101E3FA94D00EE832A = {
						CreatedOnToolsVersion = 8.2.1;
						DevelopmentTeam = 5A8RM3W5R7;
						LastSwiftMigration = 1130;
						ProvisioningStyle = Automatic;
						SystemCapabilities = {
							com.apple.BackgroundModes = {
								enabled = 1;
							};
							com.apple.Push = {
								enabled = 1;
							};
						};
					};
					B5A70A571E4C01A00031DF58 = {
						CreatedOnToolsVersion = 8.0;
						LastSwiftMigration = 1130;
						ProvisioningStyle = Automatic;
						TestTargetID = B52805101E3FA94D00EE832A;
					};
					D0BA59A71F9546510069DA58 = {
						CreatedOnToolsVersion = 9.0;
						DevelopmentTeam = 5A8RM3W5R7;
						LastSwiftMigration = 1130;
						ProvisioningStyle = Automatic;
						SystemCapabilities = {
							com.apple.Push = {
								enabled = 0;
							};
						};
					};
				};
			};
			buildConfigurationList = B528050C1E3FA94D00EE832A /* Build configuration list for PBXProject "FiveCalls" */;
			compatibilityVersion = "Xcode 3.2";
			developmentRegion = en;
			hasScannedForEncodings = 0;
			knownRegions = (
				en,
				Base,
			);
			mainGroup = B52805081E3FA94D00EE832A;
			packageReferences = (
				D0CFF331284A835F0082693E /* XCRemoteSwiftPackageReference "OneSignal-iOS-SDK" */,
				D05745832A53E34300A8534A /* XCRemoteSwiftPackageReference "PlausibleSwift" */,
				4F07B2362B45E5ED00C575DF /* XCRemoteSwiftPackageReference "AcknowList" */,
				D058465B2E592ACB00C7ED4C /* XCRemoteSwiftPackageReference "swift-markdown-ui" */,
			);
			productRefGroup = B52805121E3FA94D00EE832A /* Products */;
			projectDirPath = "";
			projectRoot = "";
			targets = (
				B52805101E3FA94D00EE832A /* FiveCalls */,
				B502805A1E478BC200749ED7 /* FiveCallsTests */,
				B5A70A571E4C01A00031DF58 /* FiveCallsUITests */,
				D0BA59A71F9546510069DA58 /* NotificationsService */,
			);
		};
/* End PBXProject section */

/* Begin PBXResourcesBuildPhase section */
		B50280591E478BC200749ED7 /* Resources */ = {
			isa = PBXResourcesBuildPhase;
			buildActionMask = 2147483647;
			files = (
				2258E3332E54E3BF0032F1C5 /* GET-v1-issue-script.json in Resources */,
				D0176E932B3346FD0090E6B7 /* GET-v1-report.json in Resources */,
				D05EDB0A2B328A4A00FD94BD /* GET-v1-issues.json in Resources */,
				D0176E8D2B33443D0090E6B7 /* GET-v1-reps.json in Resources */,
			);
			runOnlyForDeploymentPostprocessing = 0;
		};
		B528050F1E3FA94D00EE832A /* Resources */ = {
			isa = PBXResourcesBuildPhase;
			buildActionMask = 2147483647;
			files = (
				4F07B23E2B45F25E00C575DF /* Package.resolved in Resources */,
			);
			runOnlyForDeploymentPostprocessing = 0;
		};
		B5A70A561E4C01A00031DF58 /* Resources */ = {
			isa = PBXResourcesBuildPhase;
			buildActionMask = 2147483647;
			files = (
				B5E98E3B1E52A566005221B7 /* GET-v1-report.json in Resources */,
				D0D169CD23BD999C00C695B7 /* GET-v1-reps.json in Resources */,
				D07D7C282B3F75C2004721B3 /* GET-v1-issues-UI.json in Resources */,
				D07D7C2D2B3FE530004721B3 /* GET-v1-reps-UI.json in Resources */,
				B5E98E411E52A8AB005221B7 /* POST-report.json in Resources */,
				2258E3342E54E3BF0032F1C5 /* GET-v1-issue-script.json in Resources */,
				D0D169CB23BD990C00C695B7 /* GET-v1-issues.json in Resources */,
			);
			runOnlyForDeploymentPostprocessing = 0;
		};
		D0BA59A61F9546510069DA58 /* Resources */ = {
			isa = PBXResourcesBuildPhase;
			buildActionMask = 2147483647;
			files = (
			);
			runOnlyForDeploymentPostprocessing = 0;
		};
/* End PBXResourcesBuildPhase section */

/* Begin PBXSourcesBuildPhase section */
		B50280571E478BC200749ED7 /* Sources */ = {
			isa = PBXSourcesBuildPhase;
			buildActionMask = 2147483647;
			files = (
				D0176E922B33457D0090E6B7 /* ReportParsingTest.swift in Sources */,
				D02FFCE2245F5733003ADA2B /* ScriptCustomizationTests.swift in Sources */,
				4F3A572E2B598203009D4616 /* LocationSheetTests.swift in Sources */,
				B50280681E478BF500749ED7 /* ContactLogsTests.swift in Sources */,
				D0D8A8412E7A6F4D006B0B2E /* IssueDetailWarningTests.swift in Sources */,
				D05EDAF62B3282F500FD94BD /* IssueParsingTest.swift in Sources */,
				AACC2AED1E735144004B2F2B /* StreakCounterTests.swift in Sources */,
				D0176E8B2B3343150090E6B7 /* ContactParsingTest.swift in Sources */,
				4F3A572B2B597C8E009D4616 /* UserLocationTests.swift in Sources */,
				D0BC8D2E2CFC23EA00560EDA /* AppStateTests.swift in Sources */,
				D0E042662B47D06700D22647 /* IssueTests.swift in Sources */,
				2258E3382E54E40A0032F1C5 /* CustomizedScriptsTests.swift in Sources */,
				4F2178752B488CD70032D592 /* StoreTests.swift in Sources */,
			);
			runOnlyForDeploymentPostprocessing = 0;
		};
		B528050D1E3FA94D00EE832A /* Sources */ = {
			isa = PBXSourcesBuildPhase;
			buildActionMask = 2147483647;
			files = (
			);
			runOnlyForDeploymentPostprocessing = 0;
		};
		B5A70A541E4C01A00031DF58 /* Sources */ = {
			isa = PBXSourcesBuildPhase;
			buildActionMask = 2147483647;
			files = (
				B5A70A5B1E4C01A00031DF58 /* FiveCallsUITests.swift in Sources */,
				B5A70A631E4C02DD0031DF58 /* SnapshotHelper.swift in Sources */,
			);
			runOnlyForDeploymentPostprocessing = 0;
		};
		D0BA59A41F9546510069DA58 /* Sources */ = {
			isa = PBXSourcesBuildPhase;
			buildActionMask = 2147483647;
			files = (
				D0BA59AB1F9546510069DA58 /* NotificationService.swift in Sources */,
			);
			runOnlyForDeploymentPostprocessing = 0;
		};
/* End PBXSourcesBuildPhase section */

/* Begin PBXTargetDependency section */
		B50280611E478BC200749ED7 /* PBXTargetDependency */ = {
			isa = PBXTargetDependency;
			target = B52805101E3FA94D00EE832A /* FiveCalls */;
			targetProxy = B50280601E478BC200749ED7 /* PBXContainerItemProxy */;
		};
		B5A70A5E1E4C01A00031DF58 /* PBXTargetDependency */ = {
			isa = PBXTargetDependency;
			target = B52805101E3FA94D00EE832A /* FiveCalls */;
			targetProxy = B5A70A5D1E4C01A00031DF58 /* PBXContainerItemProxy */;
		};
		D0BA59AE1F9546510069DA58 /* PBXTargetDependency */ = {
			isa = PBXTargetDependency;
			target = D0BA59A71F9546510069DA58 /* NotificationsService */;
			targetProxy = D0BA59AD1F9546510069DA58 /* PBXContainerItemProxy */;
		};
/* End PBXTargetDependency section */

/* Begin XCBuildConfiguration section */
		B50280631E478BC200749ED7 /* Debug */ = {
			isa = XCBuildConfiguration;
			buildSettings = {
				BUNDLE_LOADER = "$(TEST_HOST)";
				HEADER_SEARCH_PATHS = (
					"$(inherited)",
					"\"${PODS_CONFIGURATION_BUILD_DIR}/R.swift.Library/Rswift.framework/Headers\"",
					"\"${PODS_ROOT}/Headers/Public\"",
					"\"${PODS_ROOT}/Headers/Public/Firebase\"",
					"\"${SRCROOT}/Pods/Firebase/CoreOnly/Sources\"",
				);
				INFOPLIST_FILE = FiveCallsTests/Info.plist;
				IPHONEOS_DEPLOYMENT_TARGET = 17.0;
				LD_RUNPATH_SEARCH_PATHS = (
					"$(inherited)",
					"@executable_path/Frameworks",
					"@loader_path/Frameworks",
				);
				PRODUCT_BUNDLE_IDENTIFIER = org.fivecalls.FiveCallsTests;
				PRODUCT_NAME = "$(TARGET_NAME)";
				SWIFT_SWIFT3_OBJC_INFERENCE = Default;
				SWIFT_VERSION = 5.0;
				TEST_HOST = "$(BUILT_PRODUCTS_DIR)/FiveCalls.app/FiveCalls";
			};
			name = Debug;
		};
		B50280641E478BC200749ED7 /* Release */ = {
			isa = XCBuildConfiguration;
			buildSettings = {
				BUNDLE_LOADER = "$(TEST_HOST)";
				HEADER_SEARCH_PATHS = (
					"$(inherited)",
					"\"${PODS_CONFIGURATION_BUILD_DIR}/R.swift.Library/Rswift.framework/Headers\"",
					"\"${PODS_ROOT}/Headers/Public\"",
					"\"${PODS_ROOT}/Headers/Public/Firebase\"",
					"\"${SRCROOT}/Pods/Firebase/CoreOnly/Sources\"",
				);
				INFOPLIST_FILE = FiveCallsTests/Info.plist;
				IPHONEOS_DEPLOYMENT_TARGET = 17.0;
				LD_RUNPATH_SEARCH_PATHS = (
					"$(inherited)",
					"@executable_path/Frameworks",
					"@loader_path/Frameworks",
				);
				PRODUCT_BUNDLE_IDENTIFIER = org.fivecalls.FiveCallsTests;
				PRODUCT_NAME = "$(TARGET_NAME)";
				SWIFT_SWIFT3_OBJC_INFERENCE = Default;
				SWIFT_VERSION = 5.0;
				TEST_HOST = "$(BUILT_PRODUCTS_DIR)/FiveCalls.app/FiveCalls";
			};
			name = Release;
		};
		B52805211E3FA94D00EE832A /* Debug */ = {
			isa = XCBuildConfiguration;
			buildSettings = {
				ALWAYS_SEARCH_USER_PATHS = NO;
				ASSETCATALOG_COMPILER_GENERATE_SWIFT_ASSET_SYMBOL_EXTENSIONS = YES;
				CLANG_ANALYZER_LOCALIZABILITY_NONLOCALIZED = YES;
				CLANG_ANALYZER_NONNULL = YES;
				CLANG_CXX_LANGUAGE_STANDARD = "gnu++0x";
				CLANG_CXX_LIBRARY = "libc++";
				CLANG_ENABLE_MODULES = YES;
				CLANG_ENABLE_OBJC_ARC = YES;
				CLANG_WARN_BLOCK_CAPTURE_AUTORELEASING = YES;
				CLANG_WARN_BOOL_CONVERSION = YES;
				CLANG_WARN_COMMA = YES;
				CLANG_WARN_CONSTANT_CONVERSION = YES;
				CLANG_WARN_DEPRECATED_OBJC_IMPLEMENTATIONS = YES;
				CLANG_WARN_DIRECT_OBJC_ISA_USAGE = YES_ERROR;
				CLANG_WARN_DOCUMENTATION_COMMENTS = YES;
				CLANG_WARN_EMPTY_BODY = YES;
				CLANG_WARN_ENUM_CONVERSION = YES;
				CLANG_WARN_INFINITE_RECURSION = YES;
				CLANG_WARN_INT_CONVERSION = YES;
				CLANG_WARN_NON_LITERAL_NULL_CONVERSION = YES;
				CLANG_WARN_OBJC_IMPLICIT_RETAIN_SELF = YES;
				CLANG_WARN_OBJC_LITERAL_CONVERSION = YES;
				CLANG_WARN_OBJC_ROOT_CLASS = YES_ERROR;
				CLANG_WARN_QUOTED_INCLUDE_IN_FRAMEWORK_HEADER = YES;
				CLANG_WARN_RANGE_LOOP_ANALYSIS = YES;
				CLANG_WARN_STRICT_PROTOTYPES = YES;
				CLANG_WARN_SUSPICIOUS_MOVE = YES;
				CLANG_WARN_UNREACHABLE_CODE = YES;
				CLANG_WARN__DUPLICATE_METHOD_MATCH = YES;
				"CODE_SIGN_IDENTITY[sdk=iphoneos*]" = "iPhone Developer";
				COPY_PHASE_STRIP = NO;
				DEBUG_INFORMATION_FORMAT = dwarf;
				DEVELOPMENT_TEAM = 5A8RM3W5R7;
				ENABLE_STRICT_OBJC_MSGSEND = YES;
				ENABLE_TESTABILITY = YES;
				ENABLE_USER_SCRIPT_SANDBOXING = YES;
				GCC_C_LANGUAGE_STANDARD = gnu99;
				GCC_DYNAMIC_NO_PIC = NO;
				GCC_NO_COMMON_BLOCKS = YES;
				GCC_OPTIMIZATION_LEVEL = 0;
				GCC_PREPROCESSOR_DEFINITIONS = (
					"DEBUG=1",
					"$(inherited)",
				);
				GCC_WARN_64_TO_32_BIT_CONVERSION = YES;
				GCC_WARN_ABOUT_RETURN_TYPE = YES_ERROR;
				GCC_WARN_UNDECLARED_SELECTOR = YES;
				GCC_WARN_UNINITIALIZED_AUTOS = YES_AGGRESSIVE;
				GCC_WARN_UNUSED_FUNCTION = YES;
				GCC_WARN_UNUSED_VARIABLE = YES;
				IPHONEOS_DEPLOYMENT_TARGET = 16.0;
				LOCALIZATION_PREFERS_STRING_CATALOGS = YES;
				MTL_ENABLE_DEBUG_INFO = YES;
				ONLY_ACTIVE_ARCH = YES;
				SDKROOT = iphoneos;
				SWIFT_ACTIVE_COMPILATION_CONDITIONS = DEBUG;
				SWIFT_EMIT_LOC_STRINGS = YES;
				SWIFT_OPTIMIZATION_LEVEL = "-Onone";
			};
			name = Debug;
		};
		B52805221E3FA94D00EE832A /* Release */ = {
			isa = XCBuildConfiguration;
			buildSettings = {
				ALWAYS_SEARCH_USER_PATHS = NO;
				ASSETCATALOG_COMPILER_GENERATE_SWIFT_ASSET_SYMBOL_EXTENSIONS = YES;
				CLANG_ANALYZER_LOCALIZABILITY_NONLOCALIZED = YES;
				CLANG_ANALYZER_NONNULL = YES;
				CLANG_CXX_LANGUAGE_STANDARD = "gnu++0x";
				CLANG_CXX_LIBRARY = "libc++";
				CLANG_ENABLE_MODULES = YES;
				CLANG_ENABLE_OBJC_ARC = YES;
				CLANG_WARN_BLOCK_CAPTURE_AUTORELEASING = YES;
				CLANG_WARN_BOOL_CONVERSION = YES;
				CLANG_WARN_COMMA = YES;
				CLANG_WARN_CONSTANT_CONVERSION = YES;
				CLANG_WARN_DEPRECATED_OBJC_IMPLEMENTATIONS = YES;
				CLANG_WARN_DIRECT_OBJC_ISA_USAGE = YES_ERROR;
				CLANG_WARN_DOCUMENTATION_COMMENTS = YES;
				CLANG_WARN_EMPTY_BODY = YES;
				CLANG_WARN_ENUM_CONVERSION = YES;
				CLANG_WARN_INFINITE_RECURSION = YES;
				CLANG_WARN_INT_CONVERSION = YES;
				CLANG_WARN_NON_LITERAL_NULL_CONVERSION = YES;
				CLANG_WARN_OBJC_IMPLICIT_RETAIN_SELF = YES;
				CLANG_WARN_OBJC_LITERAL_CONVERSION = YES;
				CLANG_WARN_OBJC_ROOT_CLASS = YES_ERROR;
				CLANG_WARN_QUOTED_INCLUDE_IN_FRAMEWORK_HEADER = YES;
				CLANG_WARN_RANGE_LOOP_ANALYSIS = YES;
				CLANG_WARN_STRICT_PROTOTYPES = YES;
				CLANG_WARN_SUSPICIOUS_MOVE = YES;
				CLANG_WARN_UNREACHABLE_CODE = YES;
				CLANG_WARN__DUPLICATE_METHOD_MATCH = YES;
				"CODE_SIGN_IDENTITY[sdk=iphoneos*]" = "iPhone Developer";
				COPY_PHASE_STRIP = NO;
				DEBUG_INFORMATION_FORMAT = "dwarf-with-dsym";
				DEVELOPMENT_TEAM = 5A8RM3W5R7;
				ENABLE_NS_ASSERTIONS = NO;
				ENABLE_STRICT_OBJC_MSGSEND = YES;
				ENABLE_USER_SCRIPT_SANDBOXING = YES;
				GCC_C_LANGUAGE_STANDARD = gnu99;
				GCC_NO_COMMON_BLOCKS = YES;
				GCC_WARN_64_TO_32_BIT_CONVERSION = YES;
				GCC_WARN_ABOUT_RETURN_TYPE = YES_ERROR;
				GCC_WARN_UNDECLARED_SELECTOR = YES;
				GCC_WARN_UNINITIALIZED_AUTOS = YES_AGGRESSIVE;
				GCC_WARN_UNUSED_FUNCTION = YES;
				GCC_WARN_UNUSED_VARIABLE = YES;
				IPHONEOS_DEPLOYMENT_TARGET = 16.0;
				LOCALIZATION_PREFERS_STRING_CATALOGS = YES;
				MTL_ENABLE_DEBUG_INFO = NO;
				SDKROOT = iphoneos;
				SWIFT_COMPILATION_MODE = wholemodule;
				SWIFT_EMIT_LOC_STRINGS = YES;
				SWIFT_OPTIMIZATION_LEVEL = "-O -whole-module-optimization";
				VALIDATE_PRODUCT = YES;
			};
			name = Release;
		};
		B52805241E3FA94D00EE832A /* Debug */ = {
			isa = XCBuildConfiguration;
			buildSettings = {
				APPCENTER_API_KEY = "7b7d63ea-901b-4e12-967b-830c35739800";
				ASSETCATALOG_COMPILER_APPICON_NAME = AppIcon;
				CODE_SIGN_ENTITLEMENTS = FiveCalls/AppFeature/FiveCalls.entitlements;
				CODE_SIGN_IDENTITY = "iPhone Developer";
				CURRENT_PROJECT_VERSION = 71;
				DEBUG_INFORMATION_FORMAT = "dwarf-with-dsym";
				DEVELOPMENT_ASSET_PATHS = "";
				ENABLE_USER_SCRIPT_SANDBOXING = NO;
				FRAMEWORK_SEARCH_PATHS = (
					"$(inherited)",
					"$(PROJECT_DIR)",
				);
				INFOPLIST_FILE = FiveCalls/AppFeature/Info.plist;
				INFOPLIST_KEY_CFBundleDisplayName = "5 Calls";
				IPHONEOS_DEPLOYMENT_TARGET = 17.0;
				LD_RUNPATH_SEARCH_PATHS = (
					"$(inherited)",
					"@executable_path/Frameworks",
				);
				MARKETING_VERSION = 2.3.0;
				ONE_SIGNAL_APP_ID = "5fd4ca41-9f6c-4149-a312-ae3e71b35c0e";
				PRODUCT_BUNDLE_IDENTIFIER = "org.fivecalls.FiveCalls-ios";
				PRODUCT_NAME = "$(TARGET_NAME)";
				SWIFT_OBJC_BRIDGING_HEADER = "";
				SWIFT_SWIFT3_OBJC_INFERENCE = Default;
				SWIFT_VERSION = 5.0;
				TARGETED_DEVICE_FAMILY = "1,2";
				VERSIONING_SYSTEM = "apple-generic";
			};
			name = Debug;
		};
		B52805251E3FA94D00EE832A /* Release */ = {
			isa = XCBuildConfiguration;
			buildSettings = {
				APPCENTER_API_KEY = "7b7d63ea-901b-4e12-967b-830c35739800";
				ASSETCATALOG_COMPILER_APPICON_NAME = AppIcon;
				CODE_SIGN_ENTITLEMENTS = FiveCalls/AppFeature/FiveCalls.entitlements;
				CODE_SIGN_IDENTITY = "iPhone Developer";
				CURRENT_PROJECT_VERSION = 71;
				DEVELOPMENT_ASSET_PATHS = "";
				ENABLE_USER_SCRIPT_SANDBOXING = NO;
				FRAMEWORK_SEARCH_PATHS = (
					"$(inherited)",
					"$(PROJECT_DIR)",
				);
				INFOPLIST_FILE = FiveCalls/AppFeature/Info.plist;
				INFOPLIST_KEY_CFBundleDisplayName = "5 Calls";
				IPHONEOS_DEPLOYMENT_TARGET = 17.0;
				LD_RUNPATH_SEARCH_PATHS = (
					"$(inherited)",
					"@executable_path/Frameworks",
				);
				MARKETING_VERSION = 2.3.0;
				ONE_SIGNAL_APP_ID = "5fd4ca41-9f6c-4149-a312-ae3e71b35c0e";
				PRODUCT_BUNDLE_IDENTIFIER = "org.fivecalls.FiveCalls-ios";
				PRODUCT_NAME = "$(TARGET_NAME)";
				SWIFT_OBJC_BRIDGING_HEADER = "";
				SWIFT_OPTIMIZATION_LEVEL = "-O";
				SWIFT_SWIFT3_OBJC_INFERENCE = Default;
				SWIFT_VERSION = 5.0;
				TARGETED_DEVICE_FAMILY = "1,2";
				VERSIONING_SYSTEM = "apple-generic";
			};
			name = Release;
		};
		B5A70A5F1E4C01A00031DF58 /* Debug */ = {
			isa = XCBuildConfiguration;
			buildSettings = {
				CLANG_WARN_SUSPICIOUS_MOVES = YES;
				HEADER_SEARCH_PATHS = "${SRCROOT}/Pods/Firebase/CoreOnly/Sources";
				INFOPLIST_FILE = FiveCallsUITests/Info.plist;
				IPHONEOS_DEPLOYMENT_TARGET = 17.0;
				LD_RUNPATH_SEARCH_PATHS = (
					"$(inherited)",
					"@executable_path/Frameworks",
					"@loader_path/Frameworks",
				);
				PRODUCT_BUNDLE_IDENTIFIER = com.fivecalls.FiveCallsUITests;
				PRODUCT_NAME = "$(TARGET_NAME)";
				SWIFT_SWIFT3_OBJC_INFERENCE = Default;
				SWIFT_VERSION = 5.0;
				TEST_TARGET_NAME = FiveCalls;
			};
			name = Debug;
		};
		B5A70A601E4C01A00031DF58 /* Release */ = {
			isa = XCBuildConfiguration;
			buildSettings = {
				CLANG_WARN_SUSPICIOUS_MOVES = YES;
				HEADER_SEARCH_PATHS = "${SRCROOT}/Pods/Firebase/CoreOnly/Sources";
				INFOPLIST_FILE = FiveCallsUITests/Info.plist;
				IPHONEOS_DEPLOYMENT_TARGET = 17.0;
				LD_RUNPATH_SEARCH_PATHS = (
					"$(inherited)",
					"@executable_path/Frameworks",
					"@loader_path/Frameworks",
				);
				PRODUCT_BUNDLE_IDENTIFIER = com.fivecalls.FiveCallsUITests;
				PRODUCT_NAME = "$(TARGET_NAME)";
				SWIFT_SWIFT3_OBJC_INFERENCE = Default;
				SWIFT_VERSION = 5.0;
				TEST_TARGET_NAME = FiveCalls;
			};
			name = Release;
		};
		D0BA59B01F9546510069DA58 /* Debug */ = {
			isa = XCBuildConfiguration;
			buildSettings = {
				CLANG_ANALYZER_NUMBER_OBJECT_CONVERSION = YES_AGGRESSIVE;
				CLANG_CXX_LANGUAGE_STANDARD = "gnu++14";
				CLANG_WARN_UNGUARDED_AVAILABILITY = YES_AGGRESSIVE;
				CODE_SIGN_IDENTITY = "iPhone Developer";
				CODE_SIGN_STYLE = Automatic;
				CURRENT_PROJECT_VERSION = 71;
				GCC_C_LANGUAGE_STANDARD = gnu11;
				INFOPLIST_FILE = NotificationsService/Info.plist;
				IPHONEOS_DEPLOYMENT_TARGET = 17.0;
				LD_RUNPATH_SEARCH_PATHS = (
					"$(inherited)",
					"@executable_path/Frameworks",
					"@executable_path/../../Frameworks",
				);
				MARKETING_VERSION = 2.3.0;
				PRODUCT_BUNDLE_IDENTIFIER = "org.fivecalls.FiveCalls-ios.NotificationsService";
				PRODUCT_NAME = "$(TARGET_NAME)";
				SKIP_INSTALL = YES;
				SWIFT_VERSION = 5.0;
				TARGETED_DEVICE_FAMILY = "1,2";
			};
			name = Debug;
		};
		D0BA59B11F9546510069DA58 /* Release */ = {
			isa = XCBuildConfiguration;
			buildSettings = {
				CLANG_ANALYZER_NUMBER_OBJECT_CONVERSION = YES_AGGRESSIVE;
				CLANG_CXX_LANGUAGE_STANDARD = "gnu++14";
				CLANG_WARN_UNGUARDED_AVAILABILITY = YES_AGGRESSIVE;
				CODE_SIGN_IDENTITY = "iPhone Developer";
				CODE_SIGN_STYLE = Automatic;
				CURRENT_PROJECT_VERSION = 71;
				GCC_C_LANGUAGE_STANDARD = gnu11;
				INFOPLIST_FILE = NotificationsService/Info.plist;
				IPHONEOS_DEPLOYMENT_TARGET = 17.0;
				LD_RUNPATH_SEARCH_PATHS = (
					"$(inherited)",
					"@executable_path/Frameworks",
					"@executable_path/../../Frameworks",
				);
				MARKETING_VERSION = 2.3.0;
				PRODUCT_BUNDLE_IDENTIFIER = "org.fivecalls.FiveCalls-ios.NotificationsService";
				PRODUCT_NAME = "$(TARGET_NAME)";
				SKIP_INSTALL = YES;
				SWIFT_OPTIMIZATION_LEVEL = "-O";
				SWIFT_VERSION = 5.0;
				TARGETED_DEVICE_FAMILY = "1,2";
			};
			name = Release;
		};
/* End XCBuildConfiguration section */

/* Begin XCConfigurationList section */
		B50280621E478BC200749ED7 /* Build configuration list for PBXNativeTarget "FiveCallsTests" */ = {
			isa = XCConfigurationList;
			buildConfigurations = (
				B50280631E478BC200749ED7 /* Debug */,
				B50280641E478BC200749ED7 /* Release */,
			);
			defaultConfigurationIsVisible = 0;
			defaultConfigurationName = Release;
		};
		B528050C1E3FA94D00EE832A /* Build configuration list for PBXProject "FiveCalls" */ = {
			isa = XCConfigurationList;
			buildConfigurations = (
				B52805211E3FA94D00EE832A /* Debug */,
				B52805221E3FA94D00EE832A /* Release */,
			);
			defaultConfigurationIsVisible = 0;
			defaultConfigurationName = Release;
		};
		B52805231E3FA94D00EE832A /* Build configuration list for PBXNativeTarget "FiveCalls" */ = {
			isa = XCConfigurationList;
			buildConfigurations = (
				B52805241E3FA94D00EE832A /* Debug */,
				B52805251E3FA94D00EE832A /* Release */,
			);
			defaultConfigurationIsVisible = 0;
			defaultConfigurationName = Release;
		};
		B5A70A611E4C01A00031DF58 /* Build configuration list for PBXNativeTarget "FiveCallsUITests" */ = {
			isa = XCConfigurationList;
			buildConfigurations = (
				B5A70A5F1E4C01A00031DF58 /* Debug */,
				B5A70A601E4C01A00031DF58 /* Release */,
			);
			defaultConfigurationIsVisible = 0;
			defaultConfigurationName = Release;
		};
		D0BA59B21F9546510069DA58 /* Build configuration list for PBXNativeTarget "NotificationsService" */ = {
			isa = XCConfigurationList;
			buildConfigurations = (
				D0BA59B01F9546510069DA58 /* Debug */,
				D0BA59B11F9546510069DA58 /* Release */,
			);
			defaultConfigurationIsVisible = 0;
			defaultConfigurationName = Release;
		};
/* End XCConfigurationList section */

/* Begin XCRemoteSwiftPackageReference section */
		4F07B2362B45E5ED00C575DF /* XCRemoteSwiftPackageReference "AcknowList" */ = {
			isa = XCRemoteSwiftPackageReference;
			repositoryURL = "https://github.com/vtourraine/AcknowList";
			requirement = {
				kind = upToNextMajorVersion;
				minimumVersion = 3.0.1;
			};
		};
		D05745832A53E34300A8534A /* XCRemoteSwiftPackageReference "PlausibleSwift" */ = {
			isa = XCRemoteSwiftPackageReference;
			repositoryURL = "https://github.com/nickoneill/PlausibleSwift";
			requirement = {
				kind = upToNextMajorVersion;
				minimumVersion = 0.3.0;
			};
		};
		D058465B2E592ACB00C7ED4C /* XCRemoteSwiftPackageReference "swift-markdown-ui" */ = {
			isa = XCRemoteSwiftPackageReference;
			repositoryURL = "https://github.com/gonzalezreal/swift-markdown-ui";
			requirement = {
				kind = upToNextMajorVersion;
				minimumVersion = 2.4.1;
			};
		};
		D0CFF331284A835F0082693E /* XCRemoteSwiftPackageReference "OneSignal-iOS-SDK" */ = {
			isa = XCRemoteSwiftPackageReference;
			repositoryURL = "https://github.com/OneSignal/OneSignal-iOS-SDK";
			requirement = {
				kind = upToNextMajorVersion;
				minimumVersion = 3.0.0;
			};
		};
/* End XCRemoteSwiftPackageReference section */

/* Begin XCSwiftPackageProductDependency section */
		4F07B2372B45E5ED00C575DF /* AcknowList */ = {
			isa = XCSwiftPackageProductDependency;
			package = 4F07B2362B45E5ED00C575DF /* XCRemoteSwiftPackageReference "AcknowList" */;
			productName = AcknowList;
		};
		D05745842A53E34300A8534A /* PlausibleSwift */ = {
			isa = XCSwiftPackageProductDependency;
			package = D05745832A53E34300A8534A /* XCRemoteSwiftPackageReference "PlausibleSwift" */;
			productName = PlausibleSwift;
		};
		D058465C2E592ACB00C7ED4C /* MarkdownUI */ = {
			isa = XCSwiftPackageProductDependency;
			package = D058465B2E592ACB00C7ED4C /* XCRemoteSwiftPackageReference "swift-markdown-ui" */;
			productName = MarkdownUI;
		};
		D0CFF332284A835F0082693E /* OneSignal */ = {
			isa = XCSwiftPackageProductDependency;
			package = D0CFF331284A835F0082693E /* XCRemoteSwiftPackageReference "OneSignal-iOS-SDK" */;
			productName = OneSignal;
		};
		D0CFF334284A835F0082693E /* OneSignalExtension */ = {
			isa = XCSwiftPackageProductDependency;
			package = D0CFF331284A835F0082693E /* XCRemoteSwiftPackageReference "OneSignal-iOS-SDK" */;
			productName = OneSignalExtension;
		};
/* End XCSwiftPackageProductDependency section */
	};
	rootObject = B52805091E3FA94D00EE832A /* Project object */;
}
